
Microsoft Visual Studio Solution File, Format Version 12.00
# Visual Studio Version 17
VisualStudioVersion = 17.0.31912.275
MinimumVisualStudioVersion = 10.0.40219.1
Project("{2150E333-8FDC-42A3-9474-1A3956D46DE8}") = "Tests", "Tests", "{892C06BC-E34F-46C8-AB2A-738A288D8D9F}"
EndProject
Project("{2150E333-8FDC-42A3-9474-1A3956D46DE8}") = "Documentation", "Documentation", "{DD4809A9-6F47-4686-8433-D8A10F3EB9E8}"
EndProject
Project("{9A19103F-16F7-4668-BE54-9A1E7A4F7556}") = "OpenDDSharp.Standard", "Sources\OpenDDSharp.Standard\OpenDDSharp.Standard.csproj", "{E9C9793D-5761-4222-850D-DF8B42C2A920}"
EndProject
Project("{9A19103F-16F7-4668-BE54-9A1E7A4F7556}") = "ConsoleDemoCore", "Examples\ConsoleDemoCore\ConsoleDemoCore.csproj", "{12F78B1F-EBE5-4A82-A98F-62AE1B21D57A}"
EndProject
Project("{9A19103F-16F7-4668-BE54-9A1E7A4F7556}") = "OpenDDSharp.UnitTest", "Tests\OpenDDSharp.UnitTest\OpenDDSharp.UnitTest.csproj", "{DA9645FE-381E-495E-9652-3DF086570B71}"
	ProjectSection(ProjectDependencies) = postProject
		{BF64F3F0-4B74-47CB-BE56-D7755E4E120E} = {BF64F3F0-4B74-47CB-BE56-D7755E4E120E}
	EndProjectSection
EndProject
Project("{2150E333-8FDC-42A3-9474-1A3956D46DE8}") = "Solution Items", "Solution Items", "{8CC7E7B3-C89B-44E8-8467-D0CD29A85700}"
	ProjectSection(SolutionItems) = preProject
		.github\workflows\cd_standard.yaml = .github\workflows\cd_standard.yaml
		.github\workflows\ci_standard.yaml = .github\workflows\ci_standard.yaml
		OpenDDSharpRules.ruleset = OpenDDSharpRules.ruleset
		README.md = README.md
		Tests.runsettings = Tests.runsettings
	EndProjectSection
EndProject
Project("{9A19103F-16F7-4668-BE54-9A1E7A4F7556}") = "TestSupportProcessCore", "Tests\TestSupportProcessCore\TestSupportProcessCore.csproj", "{BF64F3F0-4B74-47CB-BE56-D7755E4E120E}"
EndProject
Project("{2150E333-8FDC-42A3-9474-1A3956D46DE8}") = "Examples", "Examples", "{B9F092CD-41E2-49C2-A2C9-0F4688C8EE42}"
EndProject
Project("{9A19103F-16F7-4668-BE54-9A1E7A4F7556}") = "OpenDDSharp.Native", "Sources\OpenDDSharp.Native\OpenDDSharp.Native.csproj", "{E380E743-F69B-4ABB-8B15-A9462FFEDDAF}"
EndProject
Project("{9A19103F-16F7-4668-BE54-9A1E7A4F7556}") = "OpenDDSharp.Templates", "Sources\OpenDDSharp.Templates\OpenDDSharp.Templates.csproj", "{9536541B-5FC0-4F7E-986B-7AA4872AEB65}"
EndProject
Project("{2150E333-8FDC-42A3-9474-1A3956D46DE8}") = "Build", "Build", "{BEAB5E70-13D0-47EE-B7DD-9056EFFF5567}"
EndProject
Project("{9A19103F-16F7-4668-BE54-9A1E7A4F7556}") = "OpenDDSharp.Build.Standard", "Build\OpenDDSharp.Build.Standard\OpenDDSharp.Build.Standard.csproj", "{F456B7F5-5018-4337-9771-CB335304827A}"
EndProject
Project("{9A19103F-16F7-4668-BE54-9A1E7A4F7556}") = "OpenDDSharp.Standard.Doc", "Documentation\OpenDDSharp.Standard.Doc\OpenDDSharp.Standard.Doc.csproj", "{F0055EFE-3537-4325-845B-1A4E5446CC5E}"
EndProject
Project("{9A19103F-16F7-4668-BE54-9A1E7A4F7556}") = "OpenDDSharp.BuildTasks", "Sources\OpenDDSharp.BuildTasks\OpenDDSharp.BuildTasks.csproj", "{1A656994-CDE3-4E34-A404-D9E87C9E7FED}"
EndProject
Project("{FAE04EC0-301F-11D3-BF4B-00C04F79EFBC}") = "TestIdlJson", "Tests\TestIdlJson\TestIdlJson.csproj", "{B59C0CE3-D395-42FB-BB83-66EA9BB4E9CD}"
EndProject
Project("{FAE04EC0-301F-11D3-BF4B-00C04F79EFBC}") = "OpenDDSharp.Marshaller", "Sources\OpenDDSharp.Marshaller\OpenDDSharp.Marshaller.csproj", "{40B3D0A9-6CD1-42DA-8DBC-8A3074AE16FF}"
EndProject
Global
	GlobalSection(SolutionConfigurationPlatforms) = preSolution
		Debug|Any CPU = Debug|Any CPU
		Debug|x64 = Debug|x64
		Debug|x86 = Debug|x86
		Debug|ARM64 = Debug|ARM64
		Release|Any CPU = Release|Any CPU
		Release|x64 = Release|x64
		Release|x86 = Release|x86
		Release|ARM64 = Release|ARM64
	EndGlobalSection
	GlobalSection(ProjectConfigurationPlatforms) = postSolution
		{E9C9793D-5761-4222-850D-DF8B42C2A920}.Debug|x64.ActiveCfg = Debug|x64
		{E9C9793D-5761-4222-850D-DF8B42C2A920}.Debug|x64.Build.0 = Debug|x64
		{E9C9793D-5761-4222-850D-DF8B42C2A920}.Debug|x86.ActiveCfg = Debug|x86
		{E9C9793D-5761-4222-850D-DF8B42C2A920}.Debug|x86.Build.0 = Debug|x86
		{E9C9793D-5761-4222-850D-DF8B42C2A920}.Release|x64.ActiveCfg = Release|x64
		{E9C9793D-5761-4222-850D-DF8B42C2A920}.Release|x64.Build.0 = Release|x64
		{E9C9793D-5761-4222-850D-DF8B42C2A920}.Release|x86.ActiveCfg = Release|x86
		{E9C9793D-5761-4222-850D-DF8B42C2A920}.Release|x86.Build.0 = Release|x86
		{E9C9793D-5761-4222-850D-DF8B42C2A920}.Debug|ARM64.ActiveCfg = Debug|ARM64
		{E9C9793D-5761-4222-850D-DF8B42C2A920}.Debug|ARM64.Build.0 = Debug|ARM64
		{E9C9793D-5761-4222-850D-DF8B42C2A920}.Release|ARM64.ActiveCfg = Release|ARM64
		{E9C9793D-5761-4222-850D-DF8B42C2A920}.Release|ARM64.Build.0 = Release|ARM64
		{E9C9793D-5761-4222-850D-DF8B42C2A920}.Debug|Any CPU.ActiveCfg = Debug|x86
		{E9C9793D-5761-4222-850D-DF8B42C2A920}.Release|Any CPU.ActiveCfg = Debug|x86
		{12F78B1F-EBE5-4A82-A98F-62AE1B21D57A}.Debug|Any CPU.ActiveCfg = Debug|x86
		{12F78B1F-EBE5-4A82-A98F-62AE1B21D57A}.Debug|x64.ActiveCfg = Debug|x64
		{12F78B1F-EBE5-4A82-A98F-62AE1B21D57A}.Debug|x64.Build.0 = Debug|x64
		{12F78B1F-EBE5-4A82-A98F-62AE1B21D57A}.Debug|x86.ActiveCfg = Debug|x86
		{12F78B1F-EBE5-4A82-A98F-62AE1B21D57A}.Debug|x86.Build.0 = Debug|x86
		{12F78B1F-EBE5-4A82-A98F-62AE1B21D57A}.Release|Any CPU.ActiveCfg = Release|x86
		{12F78B1F-EBE5-4A82-A98F-62AE1B21D57A}.Release|x64.ActiveCfg = Release|x64
		{12F78B1F-EBE5-4A82-A98F-62AE1B21D57A}.Release|x64.Build.0 = Release|x64
		{12F78B1F-EBE5-4A82-A98F-62AE1B21D57A}.Release|x86.ActiveCfg = Release|x86
		{12F78B1F-EBE5-4A82-A98F-62AE1B21D57A}.Release|x86.Build.0 = Release|x86
		{12F78B1F-EBE5-4A82-A98F-62AE1B21D57A}.Debug|ARM64.ActiveCfg = Debug|ARM64
		{12F78B1F-EBE5-4A82-A98F-62AE1B21D57A}.Debug|ARM64.Build.0 = Debug|ARM64
		{12F78B1F-EBE5-4A82-A98F-62AE1B21D57A}.Release|ARM64.ActiveCfg = Release|ARM64
		{12F78B1F-EBE5-4A82-A98F-62AE1B21D57A}.Release|ARM64.Build.0 = Release|ARM64
		{DA9645FE-381E-495E-9652-3DF086570B71}.Debug|Any CPU.ActiveCfg = Debug|x86
		{DA9645FE-381E-495E-9652-3DF086570B71}.Debug|x64.ActiveCfg = Debug|x64
		{DA9645FE-381E-495E-9652-3DF086570B71}.Debug|x64.Build.0 = Debug|x64
		{DA9645FE-381E-495E-9652-3DF086570B71}.Debug|x86.ActiveCfg = Debug|x86
		{DA9645FE-381E-495E-9652-3DF086570B71}.Debug|x86.Build.0 = Debug|x86
		{DA9645FE-381E-495E-9652-3DF086570B71}.Release|Any CPU.ActiveCfg = Release|x86
		{DA9645FE-381E-495E-9652-3DF086570B71}.Release|x64.ActiveCfg = Release|x64
		{DA9645FE-381E-495E-9652-3DF086570B71}.Release|x64.Build.0 = Release|x64
		{DA9645FE-381E-495E-9652-3DF086570B71}.Release|x86.ActiveCfg = Release|x86
		{DA9645FE-381E-495E-9652-3DF086570B71}.Release|x86.Build.0 = Release|x86
		{DA9645FE-381E-495E-9652-3DF086570B71}.Debug|ARM64.ActiveCfg = Debug|ARM64
		{DA9645FE-381E-495E-9652-3DF086570B71}.Debug|ARM64.Build.0 = Debug|ARM64
		{DA9645FE-381E-495E-9652-3DF086570B71}.Release|ARM64.ActiveCfg = Release|ARM64
		{DA9645FE-381E-495E-9652-3DF086570B71}.Release|ARM64.Build.0 = Release|ARM64
		{BF64F3F0-4B74-47CB-BE56-D7755E4E120E}.Debug|Any CPU.ActiveCfg = Debug|x86
		{BF64F3F0-4B74-47CB-BE56-D7755E4E120E}.Debug|x64.ActiveCfg = Debug|x64
		{BF64F3F0-4B74-47CB-BE56-D7755E4E120E}.Debug|x64.Build.0 = Debug|x64
		{BF64F3F0-4B74-47CB-BE56-D7755E4E120E}.Debug|x86.ActiveCfg = Debug|x86
		{BF64F3F0-4B74-47CB-BE56-D7755E4E120E}.Debug|x86.Build.0 = Debug|x86
		{BF64F3F0-4B74-47CB-BE56-D7755E4E120E}.Release|Any CPU.ActiveCfg = Release|x86
		{BF64F3F0-4B74-47CB-BE56-D7755E4E120E}.Release|x64.ActiveCfg = Release|x64
		{BF64F3F0-4B74-47CB-BE56-D7755E4E120E}.Release|x64.Build.0 = Release|x64
		{BF64F3F0-4B74-47CB-BE56-D7755E4E120E}.Release|x86.ActiveCfg = Release|x86
		{BF64F3F0-4B74-47CB-BE56-D7755E4E120E}.Release|x86.Build.0 = Release|x86
		{BF64F3F0-4B74-47CB-BE56-D7755E4E120E}.Debug|ARM64.ActiveCfg = Debug|ARM64
		{BF64F3F0-4B74-47CB-BE56-D7755E4E120E}.Debug|ARM64.Build.0 = Debug|ARM64
		{BF64F3F0-4B74-47CB-BE56-D7755E4E120E}.Release|ARM64.ActiveCfg = Release|ARM64
		{BF64F3F0-4B74-47CB-BE56-D7755E4E120E}.Release|ARM64.Build.0 = Release|ARM64
		{E380E743-F69B-4ABB-8B15-A9462FFEDDAF}.Debug|Any CPU.ActiveCfg = Debug|x86
		{E380E743-F69B-4ABB-8B15-A9462FFEDDAF}.Debug|x64.ActiveCfg = Debug|x64
		{E380E743-F69B-4ABB-8B15-A9462FFEDDAF}.Debug|x86.ActiveCfg = Debug|x86
		{E380E743-F69B-4ABB-8B15-A9462FFEDDAF}.Debug|x86.Build.0 = Debug|x86
		{E380E743-F69B-4ABB-8B15-A9462FFEDDAF}.Release|Any CPU.ActiveCfg = Release|x86
		{E380E743-F69B-4ABB-8B15-A9462FFEDDAF}.Release|x64.ActiveCfg = Release|x64
		{E380E743-F69B-4ABB-8B15-A9462FFEDDAF}.Release|x64.Build.0 = Release|x64
		{E380E743-F69B-4ABB-8B15-A9462FFEDDAF}.Release|x86.ActiveCfg = Release|x86
		{E380E743-F69B-4ABB-8B15-A9462FFEDDAF}.Release|x86.Build.0 = Release|x86
		{E380E743-F69B-4ABB-8B15-A9462FFEDDAF}.Debug|x64.Build.0 = Debug|x64
		{E380E743-F69B-4ABB-8B15-A9462FFEDDAF}.Debug|ARM64.ActiveCfg = Debug|ARM64
		{E380E743-F69B-4ABB-8B15-A9462FFEDDAF}.Debug|ARM64.Build.0 = Debug|ARM64
		{E380E743-F69B-4ABB-8B15-A9462FFEDDAF}.Release|ARM64.ActiveCfg = Release|ARM64
		{E380E743-F69B-4ABB-8B15-A9462FFEDDAF}.Release|ARM64.Build.0 = Release|ARM64
		{9536541B-5FC0-4F7E-986B-7AA4872AEB65}.Debug|Any CPU.ActiveCfg = Debug|Any CPU
		{9536541B-5FC0-4F7E-986B-7AA4872AEB65}.Debug|Any CPU.Build.0 = Debug|Any CPU
		{9536541B-5FC0-4F7E-986B-7AA4872AEB65}.Debug|x64.ActiveCfg = Debug|Any CPU
		{9536541B-5FC0-4F7E-986B-7AA4872AEB65}.Debug|x86.ActiveCfg = Debug|Any CPU
		{9536541B-5FC0-4F7E-986B-7AA4872AEB65}.Debug|x86.Build.0 = Debug|Any CPU
		{9536541B-5FC0-4F7E-986B-7AA4872AEB65}.Release|Any CPU.ActiveCfg = Release|Any CPU
		{9536541B-5FC0-4F7E-986B-7AA4872AEB65}.Release|Any CPU.Build.0 = Release|Any CPU
		{9536541B-5FC0-4F7E-986B-7AA4872AEB65}.Release|x64.ActiveCfg = Release|Any CPU
		{9536541B-5FC0-4F7E-986B-7AA4872AEB65}.Release|x86.ActiveCfg = Release|Any CPU
		{9536541B-5FC0-4F7E-986B-7AA4872AEB65}.Release|x86.Build.0 = Release|Any CPU
		{9536541B-5FC0-4F7E-986B-7AA4872AEB65}.Debug|ARM64.ActiveCfg = Debug|Any CPU
		{9536541B-5FC0-4F7E-986B-7AA4872AEB65}.Release|ARM64.ActiveCfg = Release|Any CPU
		{F456B7F5-5018-4337-9771-CB335304827A}.Debug|Any CPU.ActiveCfg = Debug|Any CPU
		{F456B7F5-5018-4337-9771-CB335304827A}.Debug|Any CPU.Build.0 = Debug|Any CPU
		{F456B7F5-5018-4337-9771-CB335304827A}.Debug|x64.ActiveCfg = Debug|Any CPU
		{F456B7F5-5018-4337-9771-CB335304827A}.Debug|x86.ActiveCfg = Debug|Any CPU
		{F456B7F5-5018-4337-9771-CB335304827A}.Release|Any CPU.ActiveCfg = Release|Any CPU
		{F456B7F5-5018-4337-9771-CB335304827A}.Release|Any CPU.Build.0 = Release|Any CPU
		{F456B7F5-5018-4337-9771-CB335304827A}.Release|x64.ActiveCfg = Release|Any CPU
		{F456B7F5-5018-4337-9771-CB335304827A}.Release|x86.ActiveCfg = Release|Any CPU
		{F456B7F5-5018-4337-9771-CB335304827A}.Debug|ARM64.ActiveCfg = Debug|Any CPU
		{F456B7F5-5018-4337-9771-CB335304827A}.Release|ARM64.ActiveCfg = Release|Any CPU
		{F0055EFE-3537-4325-845B-1A4E5446CC5E}.Debug|Any CPU.ActiveCfg = Debug|Any CPU
		{F0055EFE-3537-4325-845B-1A4E5446CC5E}.Debug|x64.ActiveCfg = Debug|Any CPU
		{F0055EFE-3537-4325-845B-1A4E5446CC5E}.Debug|x86.ActiveCfg = Debug|Any CPU
		{F0055EFE-3537-4325-845B-1A4E5446CC5E}.Release|Any CPU.ActiveCfg = Release|Any CPU
		{F0055EFE-3537-4325-845B-1A4E5446CC5E}.Release|x64.ActiveCfg = Release|Any CPU
		{F0055EFE-3537-4325-845B-1A4E5446CC5E}.Release|x86.ActiveCfg = Release|Any CPU
		{F0055EFE-3537-4325-845B-1A4E5446CC5E}.Debug|ARM64.ActiveCfg = Debug|Any CPU
		{F0055EFE-3537-4325-845B-1A4E5446CC5E}.Release|ARM64.ActiveCfg = Release|Any CPU
		{F0055EFE-3537-4325-845B-1A4E5446CC5E}.Debug|Any CPU.Build.0 = Debug|Any CPU
		{F0055EFE-3537-4325-845B-1A4E5446CC5E}.Release|Any CPU.Build.0 = Release|Any CPU
		{1A656994-CDE3-4E34-A404-D9E87C9E7FED}.Debug|Any CPU.ActiveCfg = Debug|Any CPU
		{1A656994-CDE3-4E34-A404-D9E87C9E7FED}.Debug|Any CPU.Build.0 = Debug|Any CPU
		{1A656994-CDE3-4E34-A404-D9E87C9E7FED}.Debug|x64.ActiveCfg = Debug|Any CPU
		{1A656994-CDE3-4E34-A404-D9E87C9E7FED}.Debug|x86.ActiveCfg = Debug|Any CPU
		{1A656994-CDE3-4E34-A404-D9E87C9E7FED}.Release|Any CPU.ActiveCfg = Release|Any CPU
		{1A656994-CDE3-4E34-A404-D9E87C9E7FED}.Release|Any CPU.Build.0 = Release|Any CPU
		{1A656994-CDE3-4E34-A404-D9E87C9E7FED}.Release|x64.ActiveCfg = Release|Any CPU
		{1A656994-CDE3-4E34-A404-D9E87C9E7FED}.Release|x86.ActiveCfg = Release|Any CPU
		{1A656994-CDE3-4E34-A404-D9E87C9E7FED}.Debug|ARM64.ActiveCfg = Debug|Any CPU
		{1A656994-CDE3-4E34-A404-D9E87C9E7FED}.Release|ARM64.ActiveCfg = Release|Any CPU
		{B59C0CE3-D395-42FB-BB83-66EA9BB4E9CD}.Debug|Any CPU.ActiveCfg = Debug|x64
		{B59C0CE3-D395-42FB-BB83-66EA9BB4E9CD}.Debug|Any CPU.Build.0 = Debug|x64
		{B59C0CE3-D395-42FB-BB83-66EA9BB4E9CD}.Debug|x64.ActiveCfg = Debug|x64
		{B59C0CE3-D395-42FB-BB83-66EA9BB4E9CD}.Debug|x64.Build.0 = Debug|x64
		{B59C0CE3-D395-42FB-BB83-66EA9BB4E9CD}.Debug|x86.ActiveCfg = Debug|x86
		{B59C0CE3-D395-42FB-BB83-66EA9BB4E9CD}.Debug|x86.Build.0 = Debug|x86
		{B59C0CE3-D395-42FB-BB83-66EA9BB4E9CD}.Debug|ARM64.ActiveCfg = Debug|ARM64
		{B59C0CE3-D395-42FB-BB83-66EA9BB4E9CD}.Debug|ARM64.Build.0 = Debug|ARM64
		{B59C0CE3-D395-42FB-BB83-66EA9BB4E9CD}.Release|Any CPU.ActiveCfg = Release|x64
		{B59C0CE3-D395-42FB-BB83-66EA9BB4E9CD}.Release|x64.ActiveCfg = Release|x64
		{B59C0CE3-D395-42FB-BB83-66EA9BB4E9CD}.Release|x64.Build.0 = Release|x64
		{B59C0CE3-D395-42FB-BB83-66EA9BB4E9CD}.Release|x86.ActiveCfg = Release|x86
		{B59C0CE3-D395-42FB-BB83-66EA9BB4E9CD}.Release|x86.Build.0 = Release|x86
		{B59C0CE3-D395-42FB-BB83-66EA9BB4E9CD}.Release|ARM64.ActiveCfg = Release|ARM64
		{B59C0CE3-D395-42FB-BB83-66EA9BB4E9CD}.Release|ARM64.Build.0 = Release|ARM64
		{40B3D0A9-6CD1-42DA-8DBC-8A3074AE16FF}.Debug|Any CPU.ActiveCfg = Debug|x86
		{40B3D0A9-6CD1-42DA-8DBC-8A3074AE16FF}.Debug|ARM64.ActiveCfg = Debug|ARM64
		{40B3D0A9-6CD1-42DA-8DBC-8A3074AE16FF}.Debug|ARM64.Build.0 = Debug|ARM64
		{40B3D0A9-6CD1-42DA-8DBC-8A3074AE16FF}.Debug|x64.ActiveCfg = Debug|x64
		{40B3D0A9-6CD1-42DA-8DBC-8A3074AE16FF}.Debug|x64.Build.0 = Debug|x64
		{40B3D0A9-6CD1-42DA-8DBC-8A3074AE16FF}.Debug|x86.ActiveCfg = Debug|x86
		{40B3D0A9-6CD1-42DA-8DBC-8A3074AE16FF}.Debug|x86.Build.0 = Debug|x86
		{40B3D0A9-6CD1-42DA-8DBC-8A3074AE16FF}.Release|Any CPU.ActiveCfg = Debug|x86
		{40B3D0A9-6CD1-42DA-8DBC-8A3074AE16FF}.Release|ARM64.ActiveCfg = Release|ARM64
		{40B3D0A9-6CD1-42DA-8DBC-8A3074AE16FF}.Release|ARM64.Build.0 = Release|ARM64
		{40B3D0A9-6CD1-42DA-8DBC-8A3074AE16FF}.Release|x64.ActiveCfg = Release|x64
		{40B3D0A9-6CD1-42DA-8DBC-8A3074AE16FF}.Release|x64.Build.0 = Release|x64
		{40B3D0A9-6CD1-42DA-8DBC-8A3074AE16FF}.Release|x86.ActiveCfg = Release|x86
		{40B3D0A9-6CD1-42DA-8DBC-8A3074AE16FF}.Release|x86.Build.0 = Release|x86
	EndGlobalSection
	GlobalSection(SolutionProperties) = preSolution
		HideSolutionNode = FALSE
	EndGlobalSection
	GlobalSection(NestedProjects) = preSolution
		{12F78B1F-EBE5-4A82-A98F-62AE1B21D57A} = {B9F092CD-41E2-49C2-A2C9-0F4688C8EE42}
		{DA9645FE-381E-495E-9652-3DF086570B71} = {892C06BC-E34F-46C8-AB2A-738A288D8D9F}
		{BF64F3F0-4B74-47CB-BE56-D7755E4E120E} = {892C06BC-E34F-46C8-AB2A-738A288D8D9F}
		{F456B7F5-5018-4337-9771-CB335304827A} = {BEAB5E70-13D0-47EE-B7DD-9056EFFF5567}
		{F0055EFE-3537-4325-845B-1A4E5446CC5E} = {DD4809A9-6F47-4686-8433-D8A10F3EB9E8}
		{B59C0CE3-D395-42FB-BB83-66EA9BB4E9CD} = {892C06BC-E34F-46C8-AB2A-738A288D8D9F}
	EndGlobalSection
	GlobalSection(ExtensibilityGlobals) = postSolution
		SolutionGuid = {1F982C01-616F-4A76-9E24-30312AAD0A53}
	EndGlobalSection
EndGlobal
