<?xml version="1.0" encoding="utf-8"?>
<Project ToolsVersion="4.0" xmlns="http://schemas.microsoft.com/developer/msbuild/2003">
  <ItemGroup>
    <Filter Include="Source Files">
      <UniqueIdentifier>{4FC737F1-C7A5-4376-A066-2A32D752A2FF}</UniqueIdentifier>
      <Extensions>cpp;c;cc;cxx;def;odl;idl;hpj;bat;asm;asmx</Extensions>
    </Filter>
    <Filter Include="Header Files">
      <UniqueIdentifier>{93995380-89BD-4b04-88EB-625FBE52EBFB}</UniqueIdentifier>
      <Extensions>h;hh;hpp;hxx;hm;inl;inc;ipp;xsd</Extensions>
    </Filter>
    <Filter Include="Resource Files">
      <UniqueIdentifier>{67DA6AB6-F800-4c08-8B7A-83BB121AAD01}</UniqueIdentifier>
      <Extensions>rc;ico;cur;bmp;dlg;rc2;rct;bin;rgs;gif;jpg;jpeg;jpe;resx;tiff;tif;png;wav;mfcribbon-ms</Extensions>
    </Filter>
  </ItemGroup>
  <ItemGroup>
    <ClInclude Include="DomainParticipant.h">
      <Filter>Header Files</Filter>
    </ClInclude>
    <ClInclude Include="ParticipantService.h">
      <Filter>Header Files</Filter>
    </ClInclude>
    <ClInclude Include="DomainParticipantFactory.h">
      <Filter>Header Files</Filter>
    </ClInclude>
    <ClInclude Include="QosPolicies.h">
      <Filter>Header Files</Filter>
    </ClInclude>
    <ClInclude Include="Utils.h">
      <Filter>Header Files</Filter>
    </ClInclude>
    <ClInclude Include="Publisher.h">
      <Filter>Header Files</Filter>
    </ClInclude>
    <ClInclude Include="Subscriber.h">
      <Filter>Header Files</Filter>
    </ClInclude>
    <ClInclude Include="DataWriter.h">
      <Filter>Header Files</Filter>
    </ClInclude>
    <ClInclude Include="DataReader.h">
      <Filter>Header Files</Filter>
    </ClInclude>
    <ClInclude Include="marshal.h">
      <Filter>Header Files</Filter>
    </ClInclude>
  </ItemGroup>
  <ItemGroup>
    <ClCompile Include="DomainParticipant.cpp">
      <Filter>Source Files</Filter>
    </ClCompile>
    <ClCompile Include="ParticipantService.cpp">
      <Filter>Source Files</Filter>
    </ClCompile>
    <ClCompile Include="DomainParticipantFactory.cpp">
      <Filter>Source Files</Filter>
    </ClCompile>
    <ClCompile Include="Utils.cpp">
      <Filter>Source Files</Filter>
    </ClCompile>
    <ClCompile Include="Publisher.cpp">
      <Filter>Source Files</Filter>
    </ClCompile>
    <ClCompile Include="Subscriber.cpp">
      <Filter>Source Files</Filter>
    </ClCompile>
    <ClCompile Include="DataWriter.cpp">
      <Filter>Source Files</Filter>
    </ClCompile>
    <ClCompile Include="DataReader.cpp">
      <Filter>Source Files</Filter>
    </ClCompile>
  </ItemGroup>
</Project>