<?xml version="1.0" encoding="utf-8"?>
<Project ToolsVersion="4.0" xmlns="http://schemas.microsoft.com/developer/msbuild/2003">
  <ItemGroup>
    <Filter Include="Source Files">
      <UniqueIdentifier>{4FC737F1-C7A5-4376-A066-2A32D752A2FF}</UniqueIdentifier>
      <Extensions>cpp;c;cc;cxx;def;odl;idl;hpj;bat;asm;asmx</Extensions>
    </Filter>
    <Filter Include="Header Files">
      <UniqueIdentifier>{93995380-89BD-4b04-88EB-625FBE52EBFB}</UniqueIdentifier>
      <Extensions>h;hh;hpp;hxx;hm;inl;inc;ipp;xsd</Extensions>
    </Filter>
    <Filter Include="Resource Files">
      <UniqueIdentifier>{67DA6AB6-F800-4c08-8B7A-83BB121AAD01}</UniqueIdentifier>
      <Extensions>rc;ico;cur;bmp;dlg;rc2;rct;bin;rgs;gif;jpg;jpeg;jpe;resx;tiff;tif;png;wav;mfcribbon-ms</Extensions>
    </Filter>
  </ItemGroup>
  <ItemGroup>
    <ClInclude Include="DomainParticipant.h">
      <Filter>Header Files</Filter>
    </ClInclude>
    <ClInclude Include="ParticipantService.h">
      <Filter>Header Files</Filter>
    </ClInclude>
    <ClInclude Include="DomainParticipantFactory.h">
      <Filter>Header Files</Filter>
    </ClInclude>
    <ClInclude Include="QosPolicies.h">
      <Filter>Header Files</Filter>
    </ClInclude>
    <ClInclude Include="Utils.h">
      <Filter>Header Files</Filter>
    </ClInclude>
    <ClInclude Include="Publisher.h">
      <Filter>Header Files</Filter>
    </ClInclude>
    <ClInclude Include="Subscriber.h">
      <Filter>Header Files</Filter>
    </ClInclude>
    <ClInclude Include="DataWriter.h">
      <Filter>Header Files</Filter>
    </ClInclude>
    <ClInclude Include="DataReader.h">
      <Filter>Header Files</Filter>
    </ClInclude>
    <ClInclude Include="marshal.h">
      <Filter>Header Files</Filter>
    </ClInclude>
    <ClInclude Include="Ace.h">
      <Filter>Header Files</Filter>
    </ClInclude>
    <ClInclude Include="RtpsDiscovery.h">
      <Filter>Header Files</Filter>
    </ClInclude>
    <ClInclude Include="Discovery.h">
      <Filter>Header Files</Filter>
    </ClInclude>
    <ClInclude Include="Condition.h">
      <Filter>Header Files</Filter>
    </ClInclude>
    <ClInclude Include="StatusCondition.h">
      <Filter>Header Files</Filter>
    </ClInclude>
    <ClInclude Include="Entity.h">
      <Filter>Header Files</Filter>
    </ClInclude>
    <ClInclude Include="TransportRegistry.h">
      <Filter>Header Files</Filter>
    </ClInclude>
    <ClInclude Include="TransportConfig.h">
      <Filter>Header Files</Filter>
    </ClInclude>
    <ClInclude Include="Topic.h">
      <Filter>Header Files</Filter>
    </ClInclude>
    <ClInclude Include="ListenerDelegates.h">
      <Filter>Header Files</Filter>
    </ClInclude>
    <ClInclude Include="DomainParticipantListenerImpl.h">
      <Filter>Header Files</Filter>
    </ClInclude>
    <ClInclude Include="DomainParticipantListener.h">
      <Filter>Header Files</Filter>
    </ClInclude>
    <ClInclude Include="Statuses.h">
      <Filter>Header Files</Filter>
    </ClInclude>
    <ClInclude Include="TopicListener.h">
      <Filter>Header Files</Filter>
    </ClInclude>
    <ClInclude Include="TopicListenerImpl.h">
      <Filter>Header Files</Filter>
    </ClInclude>
    <ClInclude Include="SubscriberListener.h">
      <Filter>Header Files</Filter>
    </ClInclude>
    <ClInclude Include="SubscriberListenerImpl.h">
      <Filter>Header Files</Filter>
    </ClInclude>
    <ClInclude Include="PublisherListener.h">
      <Filter>Header Files</Filter>
    </ClInclude>
    <ClInclude Include="PublisherListenerImpl.h">
      <Filter>Header Files</Filter>
    </ClInclude>
    <ClInclude Include="DataWriterListener.h">
      <Filter>Header Files</Filter>
    </ClInclude>
    <ClInclude Include="DataWriterListenerImpl.h">
      <Filter>Header Files</Filter>
    </ClInclude>
    <ClInclude Include="DataReaderListener.h">
      <Filter>Header Files</Filter>
    </ClInclude>
    <ClInclude Include="DataReaderListenerImpl.h">
      <Filter>Header Files</Filter>
    </ClInclude>
    <ClInclude Include="InfoRepoDiscovery.h">
      <Filter>Header Files</Filter>
    </ClInclude>
    <ClInclude Include="BuiltinTopicData.h">
      <Filter>Header Files</Filter>
    </ClInclude>
    <ClInclude Include="ReadCondition.h">
      <Filter>Header Files</Filter>
    </ClInclude>
    <ClInclude Include="QueryCondition.h">
      <Filter>Header Files</Filter>
    </ClInclude>
  </ItemGroup>
  <ItemGroup>
    <ClCompile Include="DomainParticipant.cpp">
      <Filter>Source Files</Filter>
    </ClCompile>
    <ClCompile Include="ParticipantService.cpp">
      <Filter>Source Files</Filter>
    </ClCompile>
    <ClCompile Include="DomainParticipantFactory.cpp">
      <Filter>Source Files</Filter>
    </ClCompile>
    <ClCompile Include="Utils.cpp">
      <Filter>Source Files</Filter>
    </ClCompile>
    <ClCompile Include="Publisher.cpp">
      <Filter>Source Files</Filter>
    </ClCompile>
    <ClCompile Include="Subscriber.cpp">
      <Filter>Source Files</Filter>
    </ClCompile>
    <ClCompile Include="DataWriter.cpp">
      <Filter>Source Files</Filter>
    </ClCompile>
    <ClCompile Include="DataReader.cpp">
      <Filter>Source Files</Filter>
    </ClCompile>
    <ClCompile Include="Ace.cpp">
      <Filter>Source Files</Filter>
    </ClCompile>
    <ClCompile Include="RtpsDiscovery.cpp">
      <Filter>Source Files</Filter>
    </ClCompile>
    <ClCompile Include="Discovery.cpp">
      <Filter>Source Files</Filter>
    </ClCompile>
    <ClCompile Include="Condition.cpp">
      <Filter>Source Files</Filter>
    </ClCompile>
    <ClCompile Include="StatusCondition.cpp">
      <Filter>Source Files</Filter>
    </ClCompile>
    <ClCompile Include="Entity.cpp">
      <Filter>Source Files</Filter>
    </ClCompile>
    <ClCompile Include="TransportRegistry.cpp">
      <Filter>Source Files</Filter>
    </ClCompile>
    <ClCompile Include="TransportConfig.cpp">
      <Filter>Source Files</Filter>
    </ClCompile>
    <ClCompile Include="Topic.cpp">
      <Filter>Source Files</Filter>
    </ClCompile>
    <ClCompile Include="DomainParticipantListenerImpl.cpp">
      <Filter>Source Files</Filter>
    </ClCompile>
    <ClCompile Include="DomainParticipantListener.cpp">
      <Filter>Source Files</Filter>
    </ClCompile>
    <ClCompile Include="TopicListener.cpp">
      <Filter>Source Files</Filter>
    </ClCompile>
    <ClCompile Include="TopicListenerImpl.cpp">
      <Filter>Source Files</Filter>
    </ClCompile>
    <ClCompile Include="SubscriberListener.cpp">
      <Filter>Source Files</Filter>
    </ClCompile>
    <ClCompile Include="SubscriberListenerImpl.cpp">
      <Filter>Source Files</Filter>
    </ClCompile>
    <ClCompile Include="PublisherListener.cpp">
      <Filter>Source Files</Filter>
    </ClCompile>
    <ClCompile Include="PublisherListenerImpl.cpp">
      <Filter>Source Files</Filter>
    </ClCompile>
    <ClCompile Include="DataWriterListener.cpp">
      <Filter>Source Files</Filter>
    </ClCompile>
    <ClCompile Include="DataWriterListenerImpl.cpp">
      <Filter>Source Files</Filter>
    </ClCompile>
    <ClCompile Include="DataReaderListener.cpp">
      <Filter>Source Files</Filter>
    </ClCompile>
    <ClCompile Include="DataReaderListenerImpl.cpp">
      <Filter>Source Files</Filter>
    </ClCompile>
    <ClCompile Include="InfoRepoDiscovery.cpp">
      <Filter>Source Files</Filter>
    </ClCompile>
    <ClCompile Include="ReadCondition.cpp">
      <Filter>Source Files</Filter>
    </ClCompile>
    <ClCompile Include="QueryCondition.cpp">
      <Filter>Source Files</Filter>
    </ClCompile>
  </ItemGroup>
</Project>