
Microsoft Visual Studio Solution File, Format Version 12.00
# Visual Studio Version 16
VisualStudioVersion = 16.0.30011.22
MinimumVisualStudioVersion = 10.0.40219.1
Project("{8BC9CEB8-8B4A-11D0-8D11-00A0C91BC942}") = "TestMessage", "TestMessage\TestMessage.vcxproj", "{35088232-767A-4484-8B6B-E450C166920C}"
EndProject
Project("{FAE04EC0-301F-11D3-BF4B-00C04F79EFBC}") = "HelloWorldPublisher", "HelloWorldPublisher\HelloWorldPublisher.csproj", "{E96B2D97-EE44-4926-AA49-62CF49E67498}"
EndProject
Project("{FAE04EC0-301F-11D3-BF4B-00C04F79EFBC}") = "HelloWorldSubscriber", "HelloWorldSubscriber\HelloWorldSubscriber.csproj", "{86935D31-A002-4C52-9EFC-3DA14DC93A76}"
EndProject
Global
	GlobalSection(SolutionConfigurationPlatforms) = preSolution
		Debug|x64 = Debug|x64
		Debug|x86 = Debug|x86
		Release|x64 = Release|x64
		Release|x86 = Release|x86
	EndGlobalSection
	GlobalSection(ProjectConfigurationPlatforms) = postSolution
		{35088232-767A-4484-8B6B-E450C166920C}.Debug|x64.ActiveCfg = Debug|x64
		{35088232-767A-4484-8B6B-E450C166920C}.Debug|x64.Build.0 = Debug|x64
		{35088232-767A-4484-8B6B-E450C166920C}.Debug|x86.ActiveCfg = Debug|Win32
		{35088232-767A-4484-8B6B-E450C166920C}.Debug|x86.Build.0 = Debug|Win32
		{35088232-767A-4484-8B6B-E450C166920C}.Release|x64.ActiveCfg = Release|x64
		{35088232-767A-4484-8B6B-E450C166920C}.Release|x64.Build.0 = Release|x64
		{35088232-767A-4484-8B6B-E450C166920C}.Release|x86.ActiveCfg = Release|Win32
		{35088232-767A-4484-8B6B-E450C166920C}.Release|x86.Build.0 = Release|Win32
		{E96B2D97-EE44-4926-AA49-62CF49E67498}.Debug|x64.ActiveCfg = Debug|x64
		{E96B2D97-EE44-4926-AA49-62CF49E67498}.Debug|x64.Build.0 = Debug|x64
		{E96B2D97-EE44-4926-AA49-62CF49E67498}.Debug|x86.ActiveCfg = Debug|x86
		{E96B2D97-EE44-4926-AA49-62CF49E67498}.Debug|x86.Build.0 = Debug|x86
		{E96B2D97-EE44-4926-AA49-62CF49E67498}.Release|x64.ActiveCfg = Release|x64
		{E96B2D97-EE44-4926-AA49-62CF49E67498}.Release|x64.Build.0 = Release|x64
		{E96B2D97-EE44-4926-AA49-62CF49E67498}.Release|x86.ActiveCfg = Release|x86
		{E96B2D97-EE44-4926-AA49-62CF49E67498}.Release|x86.Build.0 = Release|x86
		{86935D31-A002-4C52-9EFC-3DA14DC93A76}.Debug|x64.ActiveCfg = Debug|x64
		{86935D31-A002-4C52-9EFC-3DA14DC93A76}.Debug|x64.Build.0 = Debug|x64
		{86935D31-A002-4C52-9EFC-3DA14DC93A76}.Debug|x86.ActiveCfg = Debug|x86
		{86935D31-A002-4C52-9EFC-3DA14DC93A76}.Debug|x86.Build.0 = Debug|x86
		{86935D31-A002-4C52-9EFC-3DA14DC93A76}.Release|x64.ActiveCfg = Release|x64
		{86935D31-A002-4C52-9EFC-3DA14DC93A76}.Release|x64.Build.0 = Release|x64
		{86935D31-A002-4C52-9EFC-3DA14DC93A76}.Release|x86.ActiveCfg = Release|x86
		{86935D31-A002-4C52-9EFC-3DA14DC93A76}.Release|x86.Build.0 = Release|x86
	EndGlobalSection
	GlobalSection(SolutionProperties) = preSolution
		HideSolutionNode = FALSE
	EndGlobalSection
	GlobalSection(ExtensibilityGlobals) = postSolution
		SolutionGuid = {28134996-A33B-41D5-AD63-9272188F0996}
	EndGlobalSection
EndGlobal
