<?xml version="1.0" encoding="utf-8"?>
<Project ToolsVersion="4.0" xmlns="http://schemas.microsoft.com/developer/msbuild/2003">
  <ItemGroup>
    <Filter Include="Source Files">
      <UniqueIdentifier>{4FC737F1-C7A5-4376-A066-2A32D752A2FF}</UniqueIdentifier>
      <Extensions>cpp;c;cc;cxx;def;odl;idl;hpj;bat;asm;asmx</Extensions>
    </Filter>
    <Filter Include="Header Files">
      <UniqueIdentifier>{93995380-89BD-4b04-88EB-625FBE52EBFB}</UniqueIdentifier>
      <Extensions>h;hh;hpp;hxx;hm;inl;inc;xsd</Extensions>
    </Filter>
    <Filter Include="Resources">
      <UniqueIdentifier>{cfa245ae-af5e-4c80-a4b1-d31de3fdf507}</UniqueIdentifier>
    </Filter>
  </ItemGroup>
  <ItemGroup>
    <ClCompile Include="ParticipantService.cpp">
      <Filter>Source Files</Filter>
    </ClCompile>
    <ClCompile Include="DomainParticipantFactory.cpp">
      <Filter>Source Files</Filter>
    </ClCompile>
    <ClCompile Include="DomainParticipant.cpp">
      <Filter>Source Files</Filter>
    </ClCompile>
    <ClCompile Include="Topic.cpp">
      <Filter>Source Files</Filter>
    </ClCompile>
    <ClCompile Include="Publisher.cpp">
      <Filter>Source Files</Filter>
    </ClCompile>
    <ClCompile Include="Subscriber.cpp">
      <Filter>Source Files</Filter>
    </ClCompile>
    <ClCompile Include="DataWriter.cpp">
      <Filter>Source Files</Filter>
    </ClCompile>
    <ClCompile Include="DataReader.cpp">
      <Filter>Source Files</Filter>
    </ClCompile>
    <ClCompile Include="DataReaderListener.cpp">
      <Filter>Source Files</Filter>
    </ClCompile>
    <ClCompile Include="SampleInfo.cpp">
      <Filter>Source Files</Filter>
    </ClCompile>
    <ClCompile Include="DomainParticipantQos.cpp">
      <Filter>Source Files</Filter>
    </ClCompile>
    <ClCompile Include="UserDataQosPolicy.cpp">
      <Filter>Source Files</Filter>
    </ClCompile>
    <ClCompile Include="PublisherQos.cpp">
      <Filter>Source Files</Filter>
    </ClCompile>
    <ClCompile Include="GroupDataQosPolicy.cpp">
      <Filter>Source Files</Filter>
    </ClCompile>
    <ClCompile Include="EntityFactoryQosPolicy.cpp">
      <Filter>Source Files</Filter>
    </ClCompile>
    <ClCompile Include="PresentationQosPolicy.cpp">
      <Filter>Source Files</Filter>
    </ClCompile>
    <ClCompile Include="PartitionQosPolicy.cpp">
      <Filter>Source Files</Filter>
    </ClCompile>
    <ClCompile Include="SubscriberQos.cpp">
      <Filter>Source Files</Filter>
    </ClCompile>
    <ClCompile Include="TopicDataQosPolicy.cpp">
      <Filter>Source Files</Filter>
    </ClCompile>
    <ClCompile Include="DurabilityQosPolicy.cpp">
      <Filter>Source Files</Filter>
    </ClCompile>
    <ClCompile Include="OwnershipQosPolicy.cpp">
      <Filter>Source Files</Filter>
    </ClCompile>
    <ClCompile Include="LifespanQosPolicy.cpp">
      <Filter>Source Files</Filter>
    </ClCompile>
    <ClCompile Include="Duration.cpp">
      <Filter>Source Files</Filter>
    </ClCompile>
    <ClCompile Include="TransportPriorityQosPolicy.cpp">
      <Filter>Source Files</Filter>
    </ClCompile>
    <ClCompile Include="ResourceLimitsQosPolicy.cpp">
      <Filter>Source Files</Filter>
    </ClCompile>
    <ClCompile Include="HistoryQosPolicy.cpp">
      <Filter>Source Files</Filter>
    </ClCompile>
    <ClCompile Include="DestinationOrderQosPolicy.cpp">
      <Filter>Source Files</Filter>
    </ClCompile>
    <ClCompile Include="ReliabilityQosPolicy.cpp">
      <Filter>Source Files</Filter>
    </ClCompile>
    <ClCompile Include="LivelinessQosPolicy.cpp">
      <Filter>Source Files</Filter>
    </ClCompile>
    <ClCompile Include="LatencyBudgetQosPolicy.cpp">
      <Filter>Source Files</Filter>
    </ClCompile>
    <ClCompile Include="DeadlineQosPolicy.cpp">
      <Filter>Source Files</Filter>
    </ClCompile>
    <ClCompile Include="DurabilityServiceQosPolicy.cpp">
      <Filter>Source Files</Filter>
    </ClCompile>
    <ClCompile Include="TopicQos.cpp">
      <Filter>Source Files</Filter>
    </ClCompile>
    <ClCompile Include="TimeBasedFilterQosPolicy.cpp">
      <Filter>Source Files</Filter>
    </ClCompile>
    <ClCompile Include="ReaderDataLifecycleQosPolicy.cpp">
      <Filter>Source Files</Filter>
    </ClCompile>
    <ClCompile Include="DataReaderQos.cpp">
      <Filter>Source Files</Filter>
    </ClCompile>
    <ClCompile Include="OwnershipStrengthQosPolicy.cpp">
      <Filter>Source Files</Filter>
    </ClCompile>
    <ClCompile Include="WriterDataLifecycleQosPolicy.cpp">
      <Filter>Source Files</Filter>
    </ClCompile>
    <ClCompile Include="DataWriterQos.cpp">
      <Filter>Source Files</Filter>
    </ClCompile>
    <ClCompile Include="RequestedDeadlineMissedStatus.cpp">
      <Filter>Source Files</Filter>
    </ClCompile>
    <ClCompile Include="RequestedIncompatibleQosStatus.cpp">
      <Filter>Source Files</Filter>
    </ClCompile>
    <ClCompile Include="QosPolicyCount.cpp">
      <Filter>Source Files</Filter>
    </ClCompile>
    <ClCompile Include="SampleRejectedStatus.cpp">
      <Filter>Source Files</Filter>
    </ClCompile>
    <ClCompile Include="LivelinessChangedStatus.cpp">
      <Filter>Source Files</Filter>
    </ClCompile>
    <ClCompile Include="SampleLostStatus.cpp">
      <Filter>Source Files</Filter>
    </ClCompile>
    <ClCompile Include="SubscriptionLostStatus.cpp">
      <Filter>Source Files</Filter>
    </ClCompile>
    <ClCompile Include="SubscriptionMatchedStatus.cpp">
      <Filter>Source Files</Filter>
    </ClCompile>
    <ClCompile Include="BudgetExceededStatus.cpp">
      <Filter>Source Files</Filter>
    </ClCompile>
    <ClCompile Include="InstanceStateKind.cpp">
      <Filter>Source Files</Filter>
    </ClCompile>
    <ClCompile Include="ViewStateKind.cpp">
      <Filter>Source Files</Filter>
    </ClCompile>
    <ClCompile Include="SampleStateKind.cpp">
      <Filter>Source Files</Filter>
    </ClCompile>
    <ClCompile Include="Timestamp.cpp">
      <Filter>Source Files</Filter>
    </ClCompile>
    <ClCompile Include="InstanceHandle.cpp">
      <Filter>Source Files</Filter>
    </ClCompile>
    <ClCompile Include="OfferedDeadlineMissedStatus.cpp">
      <Filter>Source Files</Filter>
    </ClCompile>
    <ClCompile Include="OfferedIncompatibleQosStatus.cpp">
      <Filter>Source Files</Filter>
    </ClCompile>
    <ClCompile Include="LivelinessLostStatus.cpp">
      <Filter>Source Files</Filter>
    </ClCompile>
    <ClCompile Include="PublicationMatchedStatus.cpp">
      <Filter>Source Files</Filter>
    </ClCompile>
    <ClCompile Include="DataWriterListener.cpp">
      <Filter>Source Files</Filter>
    </ClCompile>
    <ClCompile Include="PublicationLostStatus.cpp">
      <Filter>Source Files</Filter>
    </ClCompile>
    <ClCompile Include="PublicationReconnectedStatus.cpp">
      <Filter>Source Files</Filter>
    </ClCompile>
    <ClCompile Include="PublicationDisconnectedStatus.cpp">
      <Filter>Source Files</Filter>
    </ClCompile>
    <ClCompile Include="SubscriptionReconnectedStatus.cpp">
      <Filter>Source Files</Filter>
    </ClCompile>
    <ClCompile Include="SubscriptionDisconnectedStatus.cpp">
      <Filter>Source Files</Filter>
    </ClCompile>
    <ClCompile Include="SubscriberListener.cpp">
      <Filter>Source Files</Filter>
    </ClCompile>
    <ClCompile Include="PublisherListener.cpp">
      <Filter>Source Files</Filter>
    </ClCompile>
    <ClCompile Include="InconsistentTopicStatus.cpp">
      <Filter>Source Files</Filter>
    </ClCompile>
    <ClCompile Include="TopicListener.cpp">
      <Filter>Source Files</Filter>
    </ClCompile>
    <ClCompile Include="DataReaderListenerNative.cpp">
      <Filter>Source Files</Filter>
    </ClCompile>
    <ClCompile Include="DataWriterListenerNative.cpp">
      <Filter>Source Files</Filter>
    </ClCompile>
    <ClCompile Include="TopicListenerNative.cpp">
      <Filter>Source Files</Filter>
    </ClCompile>
    <ClCompile Include="SubscriberListenerNative.cpp">
      <Filter>Source Files</Filter>
    </ClCompile>
    <ClCompile Include="PublisherListenerNative.cpp">
      <Filter>Source Files</Filter>
    </ClCompile>
    <ClCompile Include="DomainParticipantListenerNative.cpp">
      <Filter>Source Files</Filter>
    </ClCompile>
    <ClCompile Include="DomainParticipantListener.cpp">
      <Filter>Source Files</Filter>
    </ClCompile>
    <ClCompile Include="DomainParticipantFactoryQos.cpp">
      <Filter>Source Files</Filter>
    </ClCompile>
    <ClCompile Include="Entity.cpp">
      <Filter>Source Files</Filter>
    </ClCompile>
    <ClCompile Include="Condition.cpp">
      <Filter>Source Files</Filter>
    </ClCompile>
    <ClCompile Include="WaitSet.cpp">
      <Filter>Source Files</Filter>
    </ClCompile>
    <ClCompile Include="SampleStateMask.cpp">
      <Filter>Source Files</Filter>
    </ClCompile>
    <ClCompile Include="ViewStateMask.cpp">
      <Filter>Source Files</Filter>
    </ClCompile>
    <ClCompile Include="InstanceStateMask.cpp">
      <Filter>Source Files</Filter>
    </ClCompile>
    <ClCompile Include="StatusMask.cpp">
      <Filter>Source Files</Filter>
    </ClCompile>
    <ClCompile Include="StatusKind.cpp">
      <Filter>Source Files</Filter>
    </ClCompile>
    <ClCompile Include="ReadCondition.cpp">
      <Filter>Source Files</Filter>
    </ClCompile>
    <ClCompile Include="QueryCondition.cpp">
      <Filter>Source Files</Filter>
    </ClCompile>
    <ClCompile Include="StatusCondition.cpp">
      <Filter>Source Files</Filter>
    </ClCompile>
    <ClCompile Include="EntityManager.cpp">
      <Filter>Source Files</Filter>
    </ClCompile>
    <ClCompile Include="TopicDescription.cpp">
      <Filter>Source Files</Filter>
    </ClCompile>
    <ClCompile Include="BuiltinTopicKey.cpp">
      <Filter>Source Files</Filter>
    </ClCompile>
    <ClCompile Include="ParticipantBuiltinTopicData.cpp">
      <Filter>Source Files</Filter>
    </ClCompile>
    <ClCompile Include="TopicBuiltinTopicData.cpp">
      <Filter>Source Files</Filter>
    </ClCompile>
    <ClCompile Include="SubscriptionBuiltinTopicData.cpp">
      <Filter>Source Files</Filter>
    </ClCompile>
    <ClCompile Include="PublicationBuiltinTopicData.cpp">
      <Filter>Source Files</Filter>
    </ClCompile>
    <ClCompile Include="ContentFilteredTopic.cpp">
      <Filter>Source Files</Filter>
    </ClCompile>
    <ClCompile Include="MultiTopic.cpp">
      <Filter>Source Files</Filter>
    </ClCompile>
    <ClCompile Include="GuardCondition.cpp">
      <Filter>Source Files</Filter>
    </ClCompile>
    <ClCompile Include="AssemblyInfo.cpp">
      <Filter>Source Files</Filter>
    </ClCompile>
    <ClCompile Include="TransportRegistry.cpp">
      <Filter>Source Files</Filter>
    </ClCompile>
    <ClCompile Include="TransportConfig.cpp">
      <Filter>Source Files</Filter>
    </ClCompile>
    <ClCompile Include="TransportInst.cpp">
      <Filter>Source Files</Filter>
    </ClCompile>
    <ClCompile Include="TransportConfigManager.cpp">
      <Filter>Source Files</Filter>
    </ClCompile>
    <ClCompile Include="TransportInstManager.cpp">
      <Filter>Source Files</Filter>
    </ClCompile>
    <ClCompile Include="RtpsUdpInst.cpp">
      <Filter>Source Files</Filter>
    </ClCompile>
    <ClCompile Include="RtpsDiscovery.cpp">
      <Filter>Source Files</Filter>
    </ClCompile>
    <ClCompile Include="InfoRepoDiscovery.cpp">
      <Filter>Source Files</Filter>
    </ClCompile>
    <ClCompile Include="ShmemInst.cpp">
      <Filter>Source Files</Filter>
    </ClCompile>
    <ClCompile Include="TcpInst.cpp">
      <Filter>Source Files</Filter>
    </ClCompile>
    <ClCompile Include="UdpInst.cpp">
      <Filter>Source Files</Filter>
    </ClCompile>
    <ClCompile Include="MulticastInst.cpp">
      <Filter>Source Files</Filter>
    </ClCompile>
    <ClCompile Include="Ace.cpp">
      <Filter>Source Files</Filter>
    </ClCompile>
    <ClCompile Include="ParticipantBuiltinTopicDataDataReader.cpp">
      <Filter>Source Files</Filter>
    </ClCompile>
  </ItemGroup>
  <ItemGroup>
    <ClInclude Include="DomainParticipantFactory.h">
      <Filter>Header Files</Filter>
    </ClInclude>
    <ClInclude Include="ParticipantService.h">
      <Filter>Header Files</Filter>
    </ClInclude>
    <ClInclude Include="DomainParticipant.h">
      <Filter>Header Files</Filter>
    </ClInclude>
    <ClInclude Include="Topic.h">
      <Filter>Header Files</Filter>
    </ClInclude>
    <ClInclude Include="Publisher.h">
      <Filter>Header Files</Filter>
    </ClInclude>
    <ClInclude Include="Subscriber.h">
      <Filter>Header Files</Filter>
    </ClInclude>
    <ClInclude Include="DataWriter.h">
      <Filter>Header Files</Filter>
    </ClInclude>
    <ClInclude Include="DataReader.h">
      <Filter>Header Files</Filter>
    </ClInclude>
    <ClInclude Include="DataReaderListener.h">
      <Filter>Header Files</Filter>
    </ClInclude>
    <ClInclude Include="SampleInfo.h">
      <Filter>Header Files</Filter>
    </ClInclude>
    <ClInclude Include="LNK4248.h">
      <Filter>Header Files</Filter>
    </ClInclude>
    <ClInclude Include="ReturnCode.h">
      <Filter>Header Files</Filter>
    </ClInclude>
    <ClInclude Include="DomainParticipantQos.h">
      <Filter>Header Files</Filter>
    </ClInclude>
    <ClInclude Include="UserDataQosPolicy.h">
      <Filter>Header Files</Filter>
    </ClInclude>
    <ClInclude Include="EntityFactoryQosPolicy.h">
      <Filter>Header Files</Filter>
    </ClInclude>
    <ClInclude Include="PublisherQos.h">
      <Filter>Header Files</Filter>
    </ClInclude>
    <ClInclude Include="GroupDataQosPolicy.h">
      <Filter>Header Files</Filter>
    </ClInclude>
    <ClInclude Include="PresentationQosPolicy.h">
      <Filter>Header Files</Filter>
    </ClInclude>
    <ClInclude Include="PresentationQosPolicyAccessScopeKind.h">
      <Filter>Header Files</Filter>
    </ClInclude>
    <ClInclude Include="PartitionQosPolicy.h">
      <Filter>Header Files</Filter>
    </ClInclude>
    <ClInclude Include="SubscriberQos.h">
      <Filter>Header Files</Filter>
    </ClInclude>
    <ClInclude Include="TopicQos.h">
      <Filter>Header Files</Filter>
    </ClInclude>
    <ClInclude Include="TopicDataQosPolicy.h">
      <Filter>Header Files</Filter>
    </ClInclude>
    <ClInclude Include="DurabilityQosPolicy.h">
      <Filter>Header Files</Filter>
    </ClInclude>
    <ClInclude Include="DurabilityQosPolicyKind.h">
      <Filter>Header Files</Filter>
    </ClInclude>
    <ClInclude Include="DurabilityServiceQosPolicy.h">
      <Filter>Header Files</Filter>
    </ClInclude>
    <ClInclude Include="HistoryQosPolicyKind.h">
      <Filter>Header Files</Filter>
    </ClInclude>
    <ClInclude Include="Duration.h">
      <Filter>Header Files</Filter>
    </ClInclude>
    <ClInclude Include="DeadlineQosPolicy.h">
      <Filter>Header Files</Filter>
    </ClInclude>
    <ClInclude Include="LatencyBudgetQosPolicy.h">
      <Filter>Header Files</Filter>
    </ClInclude>
    <ClInclude Include="LivelinessQosPolicy.h">
      <Filter>Header Files</Filter>
    </ClInclude>
    <ClInclude Include="LivelinessQosPolicyKind.h">
      <Filter>Header Files</Filter>
    </ClInclude>
    <ClInclude Include="ReliabilityQosPolicy.h">
      <Filter>Header Files</Filter>
    </ClInclude>
    <ClInclude Include="ReliabilityQosPolicyKind.h">
      <Filter>Header Files</Filter>
    </ClInclude>
    <ClInclude Include="DestinationOrderQosPolicy.h">
      <Filter>Header Files</Filter>
    </ClInclude>
    <ClInclude Include="DestinationOrderQosPolicyKind.h">
      <Filter>Header Files</Filter>
    </ClInclude>
    <ClInclude Include="HistoryQosPolicy.h">
      <Filter>Header Files</Filter>
    </ClInclude>
    <ClInclude Include="ResourceLimitsQosPolicy.h">
      <Filter>Header Files</Filter>
    </ClInclude>
    <ClInclude Include="TransportPriorityQosPolicy.h">
      <Filter>Header Files</Filter>
    </ClInclude>
    <ClInclude Include="LifespanQosPolicy.h">
      <Filter>Header Files</Filter>
    </ClInclude>
    <ClInclude Include="OwnershipQosPolicy.h">
      <Filter>Header Files</Filter>
    </ClInclude>
    <ClInclude Include="OwnershipQosPolicyKind.h">
      <Filter>Header Files</Filter>
    </ClInclude>
    <ClInclude Include="DataReaderQos.h">
      <Filter>Header Files</Filter>
    </ClInclude>
    <ClInclude Include="TimeBasedFilterQosPolicy.h">
      <Filter>Header Files</Filter>
    </ClInclude>
    <ClInclude Include="DataWriterQos.h">
      <Filter>Header Files</Filter>
    </ClInclude>
    <ClInclude Include="OwnershipStrengthQosPolicy.h">
      <Filter>Header Files</Filter>
    </ClInclude>
    <ClInclude Include="ReaderDataLifecycleQosPolicy.h">
      <Filter>Header Files</Filter>
    </ClInclude>
    <ClInclude Include="WriterDataLifecycleQosPolicy.h">
      <Filter>Header Files</Filter>
    </ClInclude>
    <ClInclude Include="RequestedDeadlineMissedStatus.h">
      <Filter>Header Files</Filter>
    </ClInclude>
    <ClInclude Include="RequestedIncompatibleQosStatus.h">
      <Filter>Header Files</Filter>
    </ClInclude>
    <ClInclude Include="QosPolicyCount.h">
      <Filter>Header Files</Filter>
    </ClInclude>
    <ClInclude Include="SampleRejectedStatus.h">
      <Filter>Header Files</Filter>
    </ClInclude>
    <ClInclude Include="SampleRejectedStatusKind.h">
      <Filter>Header Files</Filter>
    </ClInclude>
    <ClInclude Include="LivelinessChangedStatus.h">
      <Filter>Header Files</Filter>
    </ClInclude>
    <ClInclude Include="SubscriptionMatchedStatus.h">
      <Filter>Header Files</Filter>
    </ClInclude>
    <ClInclude Include="SampleLostStatus.h">
      <Filter>Header Files</Filter>
    </ClInclude>
    <ClInclude Include="SubscriptionLostStatus.h">
      <Filter>Header Files</Filter>
    </ClInclude>
    <ClInclude Include="SubscriptionDisconnectedStatus.h">
      <Filter>Header Files</Filter>
    </ClInclude>
    <ClInclude Include="SubscriptionReconnectedStatus.h">
      <Filter>Header Files</Filter>
    </ClInclude>
    <ClInclude Include="BudgetExceededStatus.h">
      <Filter>Header Files</Filter>
    </ClInclude>
    <ClInclude Include="InstanceStateKind.h">
      <Filter>Header Files</Filter>
    </ClInclude>
    <ClInclude Include="ViewStateKind.h">
      <Filter>Header Files</Filter>
    </ClInclude>
    <ClInclude Include="SampleStateKind.h">
      <Filter>Header Files</Filter>
    </ClInclude>
    <ClInclude Include="Timestamp.h">
      <Filter>Header Files</Filter>
    </ClInclude>
    <ClInclude Include="InstanceHandle.h">
      <Filter>Header Files</Filter>
    </ClInclude>
    <ClInclude Include="StatusKind.h">
      <Filter>Header Files</Filter>
    </ClInclude>
    <ClInclude Include="StatusMask.h">
      <Filter>Header Files</Filter>
    </ClInclude>
    <ClInclude Include="DataWriterListener.h">
      <Filter>Header Files</Filter>
    </ClInclude>
    <ClInclude Include="OfferedDeadlineMissedStatus.h">
      <Filter>Header Files</Filter>
    </ClInclude>
    <ClInclude Include="OfferedIncompatibleQosStatus.h">
      <Filter>Header Files</Filter>
    </ClInclude>
    <ClInclude Include="LivelinessLostStatus.h">
      <Filter>Header Files</Filter>
    </ClInclude>
    <ClInclude Include="PublicationLostStatus.h">
      <Filter>Header Files</Filter>
    </ClInclude>
    <ClInclude Include="PublicationReconnectedStatus.h">
      <Filter>Header Files</Filter>
    </ClInclude>
    <ClInclude Include="PublicationDisconnectedStatus.h">
      <Filter>Header Files</Filter>
    </ClInclude>
    <ClInclude Include="PublicationMatchedStatus.h">
      <Filter>Header Files</Filter>
    </ClInclude>
    <ClInclude Include="SubscriberListener.h">
      <Filter>Header Files</Filter>
    </ClInclude>
    <ClInclude Include="PublisherListener.h">
      <Filter>Header Files</Filter>
    </ClInclude>
    <ClInclude Include="TopicListener.h">
      <Filter>Header Files</Filter>
    </ClInclude>
    <ClInclude Include="InconsistentTopicStatus.h">
      <Filter>Header Files</Filter>
    </ClInclude>
    <ClInclude Include="DataReaderListenerNative.h">
      <Filter>Header Files</Filter>
    </ClInclude>
    <ClInclude Include="DataWriterListenerNative.h">
      <Filter>Header Files</Filter>
    </ClInclude>
    <ClInclude Include="TopicListenerNative.h">
      <Filter>Header Files</Filter>
    </ClInclude>
    <ClInclude Include="SubscriberListenerNative.h">
      <Filter>Header Files</Filter>
    </ClInclude>
    <ClInclude Include="PublisherListenerNative.h">
      <Filter>Header Files</Filter>
    </ClInclude>
    <ClInclude Include="DomainParticipantListenerNative.h">
      <Filter>Header Files</Filter>
    </ClInclude>
    <ClInclude Include="DomainParticipantListener.h">
      <Filter>Header Files</Filter>
    </ClInclude>
    <ClInclude Include="DomainParticipantFactoryQos.h">
      <Filter>Header Files</Filter>
    </ClInclude>
    <ClInclude Include="Entity.h">
      <Filter>Header Files</Filter>
    </ClInclude>
    <ClInclude Include="WaitSet.h">
      <Filter>Header Files</Filter>
    </ClInclude>
    <ClInclude Include="Condition.h">
      <Filter>Header Files</Filter>
    </ClInclude>
    <ClInclude Include="SampleStateMask.h">
      <Filter>Header Files</Filter>
    </ClInclude>
    <ClInclude Include="ViewStateMask.h">
      <Filter>Header Files</Filter>
    </ClInclude>
    <ClInclude Include="InstanceStateMask.h">
      <Filter>Header Files</Filter>
    </ClInclude>
    <ClInclude Include="ReadCondition.h">
      <Filter>Header Files</Filter>
    </ClInclude>
    <ClInclude Include="QueryCondition.h">
      <Filter>Header Files</Filter>
    </ClInclude>
    <ClInclude Include="StatusCondition.h">
      <Filter>Header Files</Filter>
    </ClInclude>
    <ClInclude Include="EntityManager.h">
      <Filter>Header Files</Filter>
    </ClInclude>
    <ClInclude Include="ParticipantBuiltinTopicData.h">
      <Filter>Header Files</Filter>
    </ClInclude>
    <ClInclude Include="BuiltinTopicKey.h">
      <Filter>Header Files</Filter>
    </ClInclude>
    <ClInclude Include="TopicBuiltinTopicData.h">
      <Filter>Header Files</Filter>
    </ClInclude>
    <ClInclude Include="SubscriptionBuiltinTopicData.h">
      <Filter>Header Files</Filter>
    </ClInclude>
    <ClInclude Include="PublicationBuiltinTopicData.h">
      <Filter>Header Files</Filter>
    </ClInclude>
    <ClInclude Include="ContentFilteredTopic.h">
      <Filter>Header Files</Filter>
    </ClInclude>
    <ClInclude Include="MultiTopic.h">
      <Filter>Header Files</Filter>
    </ClInclude>
    <ClInclude Include="GuardCondition.h">
      <Filter>Header Files</Filter>
    </ClInclude>
    <ClInclude Include="ITopicDescription.h">
      <Filter>Header Files</Filter>
    </ClInclude>
    <ClInclude Include="TopicDescription.h">
      <Filter>Header Files</Filter>
    </ClInclude>
    <ClInclude Include="AssemblyInfo.h">
      <Filter>Header Files</Filter>
    </ClInclude>
    <ClInclude Include="resource.h">
      <Filter>Resources</Filter>
    </ClInclude>
    <ClInclude Include="TransportRegistry.h">
      <Filter>Header Files</Filter>
    </ClInclude>
    <ClInclude Include="TransportConfig.h">
      <Filter>Header Files</Filter>
    </ClInclude>
    <ClInclude Include="TransportInst.h">
      <Filter>Header Files</Filter>
    </ClInclude>
    <ClInclude Include="TransportConfigManager.h">
      <Filter>Header Files</Filter>
    </ClInclude>
    <ClInclude Include="TransportInstManager.h">
      <Filter>Header Files</Filter>
    </ClInclude>
    <ClInclude Include="RtpsUdpInst.h">
      <Filter>Header Files</Filter>
    </ClInclude>
    <ClInclude Include="Discovery.h">
      <Filter>Header Files</Filter>
    </ClInclude>
    <ClInclude Include="RtpsDiscovery.h">
      <Filter>Header Files</Filter>
    </ClInclude>
    <ClInclude Include="TimeValue.h">
      <Filter>Header Files</Filter>
    </ClInclude>
    <ClInclude Include="InfoRepoDiscovery.h">
      <Filter>Header Files</Filter>
    </ClInclude>
    <ClInclude Include="ShmemInst.h">
      <Filter>Header Files</Filter>
    </ClInclude>
    <ClInclude Include="TcpInst.h">
      <Filter>Header Files</Filter>
    </ClInclude>
    <ClInclude Include="UdpInst.h">
      <Filter>Header Files</Filter>
    </ClInclude>
    <ClInclude Include="MulticastInst.h">
      <Filter>Header Files</Filter>
    </ClInclude>
    <ClInclude Include="Ace.h">
      <Filter>Header Files</Filter>
    </ClInclude>
    <ClInclude Include="ParticipantBuiltinTopicDataDataReader.h">
      <Filter>Header Files</Filter>
    </ClInclude>
  </ItemGroup>
  <ItemGroup>
    <None Include="OpenDDSharp.nuspec" />
    <None Include="OpenDDSharp.targets" />
  </ItemGroup>
  <ItemGroup>
    <ResourceCompile Include="Resource.rc">
      <Filter>Resources</Filter>
    </ResourceCompile>
  </ItemGroup>
</Project>