
Microsoft Visual Studio Solution File, Format Version 12.00
# Visual Studio Version 16
VisualStudioVersion = 16.0.30011.22
MinimumVisualStudioVersion = 10.0.40219.1
Project("{FAE04EC0-301F-11D3-BF4B-00C04F79EFBC}") = "ShapesDemo", "ShapesDemo\ShapesDemo.csproj", "{D2B8D2BA-7A38-4E1A-98D0-5034BE364794}"
EndProject
Project("{8BC9CEB8-8B4A-11D0-8D11-00A0C91BC942}") = "ShapeType", "ShapeType\ShapeType.vcxproj", "{3C2B0B66-A9A0-4730-8476-56158790FF24}"
EndProject
Global
	GlobalSection(SolutionConfigurationPlatforms) = preSolution
		Debug|x64 = Debug|x64
		Debug|x86 = Debug|x86
		Release|x64 = Release|x64
		Release|x86 = Release|x86
	EndGlobalSection
	GlobalSection(ProjectConfigurationPlatforms) = postSolution
		{D2B8D2BA-7A38-4E1A-98D0-5034BE364794}.Debug|x64.ActiveCfg = Debug|x64
		{D2B8D2BA-7A38-4E1A-98D0-5034BE364794}.Debug|x64.Build.0 = Debug|x64
		{D2B8D2BA-7A38-4E1A-98D0-5034BE364794}.Debug|x86.ActiveCfg = Debug|x86
		{D2B8D2BA-7A38-4E1A-98D0-5034BE364794}.Debug|x86.Build.0 = Debug|x86
		{D2B8D2BA-7A38-4E1A-98D0-5034BE364794}.Release|x64.ActiveCfg = Release|x64
		{D2B8D2BA-7A38-4E1A-98D0-5034BE364794}.Release|x64.Build.0 = Release|x64
		{D2B8D2BA-7A38-4E1A-98D0-5034BE364794}.Release|x86.ActiveCfg = Release|x86
		{D2B8D2BA-7A38-4E1A-98D0-5034BE364794}.Release|x86.Build.0 = Release|x86
		{3C2B0B66-A9A0-4730-8476-56158790FF24}.Debug|x64.ActiveCfg = Debug|x64
		{3C2B0B66-A9A0-4730-8476-56158790FF24}.Debug|x64.Build.0 = Debug|x64
		{3C2B0B66-A9A0-4730-8476-56158790FF24}.Debug|x86.ActiveCfg = Debug|Win32
		{3C2B0B66-A9A0-4730-8476-56158790FF24}.Debug|x86.Build.0 = Debug|Win32
		{3C2B0B66-A9A0-4730-8476-56158790FF24}.Release|x64.ActiveCfg = Release|x64
		{3C2B0B66-A9A0-4730-8476-56158790FF24}.Release|x64.Build.0 = Release|x64
		{3C2B0B66-A9A0-4730-8476-56158790FF24}.Release|x86.ActiveCfg = Release|Win32
		{3C2B0B66-A9A0-4730-8476-56158790FF24}.Release|x86.Build.0 = Release|Win32
	EndGlobalSection
	GlobalSection(SolutionProperties) = preSolution
		HideSolutionNode = FALSE
	EndGlobalSection
	GlobalSection(ExtensibilityGlobals) = postSolution
		SolutionGuid = {59CA3E61-38B1-44B8-9120-30957315B22A}
	EndGlobalSection
EndGlobal
