
Microsoft Visual Studio Solution File, Format Version 12.00
# Visual Studio 15
VisualStudioVersion = 15.0.27130.2027
MinimumVisualStudioVersion = 10.0.40219.1
Project("{8BC9CEB8-8B4A-11D0-8D11-00A0C91BC942}") = "OpenDDSharp", "OpenDDSharp\OpenDDSharp.vcxproj", "{1AADF375-9149-4000-82AB-AF4CD15144DA}"
EndProject
Project("{FAE04EC0-301F-11D3-BF4B-00C04F79EFBC}") = "ConsoleDemo", "ConsoleDemo\ConsoleDemo.csproj", "{BCC37DF6-D8F2-4A65-8C74-890D77BE6341}"
EndProject
Project("{8BC9CEB8-8B4A-11D0-8D11-00A0C91BC942}") = "OpenDDSharp.IdlGenerator", "OpenDDSharp.IdlGenerator\OpenDDSharp.IdlGenerator.vcxproj", "{9282A186-FECA-1BAD-F74D-08556236AF2C}"
EndProject
Project("{8BC9CEB8-8B4A-11D0-8D11-00A0C91BC942}") = "TestIdl", "TestIdl\TestIdl.vcxproj", "{A2B3A918-E652-41B0-AC1B-121E51360497}"
	ProjectSection(ProjectDependencies) = postProject
		{97F88957-84D4-48DA-A8AF-56CF035DD5DA} = {97F88957-84D4-48DA-A8AF-56CF035DD5DA}
		{31E6D26F-AA5F-4763-8633-5B3FD2F4CA08} = {31E6D26F-AA5F-4763-8633-5B3FD2F4CA08}
		{9282A186-FECA-1BAD-F74D-08556236AF2C} = {9282A186-FECA-1BAD-F74D-08556236AF2C}
	EndProjectSection
EndProject
Project("{FAE04EC0-301F-11D3-BF4B-00C04F79EFBC}") = "OpenDDSharp.BuildTasks", "OpenDDSharp.BuildTasks\OpenDDSharp.BuildTasks.csproj", "{97F88957-84D4-48DA-A8AF-56CF035DD5DA}"
EndProject
Project("{FAE04EC0-301F-11D3-BF4B-00C04F79EFBC}") = "OpenDDSharp.IdlProjectTemplate", "OpenDDSharp.IdlProjectTemplate\OpenDDSharp.IdlProjectTemplate.csproj", "{1FCF3A28-1867-4F60-8EC1-EAB13B18F4F5}"
EndProject
Project("{2150E333-8FDC-42A3-9474-1A3956D46DE8}") = "DevKit", "DevKit", "{FC22C429-D8DB-453C-BFCB-C739F084B1A0}"
EndProject
Project("{2150E333-8FDC-42A3-9474-1A3956D46DE8}") = "Test", "Test", "{892C06BC-E34F-46C8-AB2A-738A288D8D9F}"
EndProject
Project("{FAE04EC0-301F-11D3-BF4B-00C04F79EFBC}") = "OpenDDSharp.ExportFileGenerator", "OpenDDSharp.ExportFileGenerator\OpenDDSharp.ExportFileGenerator.csproj", "{31E6D26F-AA5F-4763-8633-5B3FD2F4CA08}"
EndProject
Project("{FAE04EC0-301F-11D3-BF4B-00C04F79EFBC}") = "OpenDDSharp.IdlItemTemplate", "OpenDDSharp.IdlItemTemplate\OpenDDSharp.IdlItemTemplate.csproj", "{BB943DB6-916A-4C14-A4EF-679537C45E1D}"
EndProject
Project("{FAE04EC0-301F-11D3-BF4B-00C04F79EFBC}") = "OpenDDSharp.IdlTemplates", "OpenDDSharp.IdlTemplates\OpenDDSharp.IdlTemplates.csproj", "{D7542094-F2B7-47F7-9A31-3CAAD97040EB}"
EndProject
Project("{FAE04EC0-301F-11D3-BF4B-00C04F79EFBC}") = "OpenDDSharp.UnitTest", "OpenDDSharp.UnitTest\OpenDDSharp.UnitTest.csproj", "{111A3811-D148-494C-9BFF-509E0B85144C}"
	ProjectSection(ProjectDependencies) = postProject
		{FAD8CDC7-2E8A-4708-B8AE-9C1E1C3D15F0} = {FAD8CDC7-2E8A-4708-B8AE-9C1E1C3D15F0}
	EndProjectSection
EndProject
Project("{2150E333-8FDC-42A3-9474-1A3956D46DE8}") = "Documentation", "Documentation", "{DD4809A9-6F47-4686-8433-D8A10F3EB9E8}"
EndProject
Project("{7CF6DF6D-3B04-46F8-A40B-537D21BCA0B4}") = "OpenDDSharp.Doc", "OpenDDSharp.Doc\OpenDDSharp.Doc.shfbproj", "{67CCAF94-1A58-402A-AC85-A8EEC6ED6A57}"
	ProjectSection(ProjectDependencies) = postProject
		{1AADF375-9149-4000-82AB-AF4CD15144DA} = {1AADF375-9149-4000-82AB-AF4CD15144DA}
	EndProjectSection
EndProject
Project("{FAE04EC0-301F-11D3-BF4B-00C04F79EFBC}") = "TestSupportProcess", "TestSupportProcess\TestSupportProcess.csproj", "{FAD8CDC7-2E8A-4708-B8AE-9C1E1C3D15F0}"
EndProject
Project("{8BC9CEB8-8B4A-11D0-8D11-00A0C91BC942}") = "OpenDDSWrapper", "OpenDDSWrapper\OpenDDSWrapper.vcxproj", "{4D76F728-5BEC-41B1-BC54-A6D35AB267E5}"
EndProject
Project("{9A19103F-16F7-4668-BE54-9A1E7A4F7556}") = "OpenDDSharp.Standard", "OpenDDSharp.Standard\OpenDDSharp.Standard.csproj", "{E9C9793D-5761-4222-850D-DF8B42C2A920}"
	ProjectSection(ProjectDependencies) = postProject
		{4D76F728-5BEC-41B1-BC54-A6D35AB267E5} = {4D76F728-5BEC-41B1-BC54-A6D35AB267E5}
	EndProjectSection
EndProject
Project("{9A19103F-16F7-4668-BE54-9A1E7A4F7556}") = "ConsoleDemoCore", "ConsoleDemoCore\ConsoleDemoCore.csproj", "{12F78B1F-EBE5-4A82-A98F-62AE1B21D57A}"
EndProject
Project("{9A19103F-16F7-4668-BE54-9A1E7A4F7556}") = "TestIdlStandard", "TestIdlStandard\TestIdlStandard.csproj", "{C8E20403-7589-4002-9721-E42D025FB344}"
	ProjectSection(ProjectDependencies) = postProject
		{9282A186-FECA-1BAD-F74D-08556236AF2C} = {9282A186-FECA-1BAD-F74D-08556236AF2C}
	EndProjectSection
EndProject
Project("{9A19103F-16F7-4668-BE54-9A1E7A4F7556}") = "OpenDDSharp.Standard.UnitTest", "OpenDDSharp.Standard.UnitTest\OpenDDSharp.Standard.UnitTest.csproj", "{DA9645FE-381E-495E-9652-3DF086570B71}"
EndProject
Global
	GlobalSection(SolutionConfigurationPlatforms) = preSolution
		Debug|Any CPU = Debug|Any CPU
		Debug|x64 = Debug|x64
		Debug|x86 = Debug|x86
		Release|Any CPU = Release|Any CPU
		Release|x64 = Release|x64
		Release|x86 = Release|x86
	EndGlobalSection
	GlobalSection(ProjectConfigurationPlatforms) = postSolution
		{1AADF375-9149-4000-82AB-AF4CD15144DA}.Debug|Any CPU.ActiveCfg = Debug|Win32
		{1AADF375-9149-4000-82AB-AF4CD15144DA}.Debug|x64.ActiveCfg = Debug|x64
		{1AADF375-9149-4000-82AB-AF4CD15144DA}.Debug|x64.Build.0 = Debug|x64
		{1AADF375-9149-4000-82AB-AF4CD15144DA}.Debug|x86.ActiveCfg = Debug|Win32
		{1AADF375-9149-4000-82AB-AF4CD15144DA}.Debug|x86.Build.0 = Debug|Win32
		{1AADF375-9149-4000-82AB-AF4CD15144DA}.Release|Any CPU.ActiveCfg = Release|Win32
		{1AADF375-9149-4000-82AB-AF4CD15144DA}.Release|x64.ActiveCfg = Release|x64
		{1AADF375-9149-4000-82AB-AF4CD15144DA}.Release|x64.Build.0 = Release|x64
		{1AADF375-9149-4000-82AB-AF4CD15144DA}.Release|x86.ActiveCfg = Release|Win32
		{1AADF375-9149-4000-82AB-AF4CD15144DA}.Release|x86.Build.0 = Release|Win32
		{BCC37DF6-D8F2-4A65-8C74-890D77BE6341}.Debug|Any CPU.ActiveCfg = Debug|Any CPU
		{BCC37DF6-D8F2-4A65-8C74-890D77BE6341}.Debug|Any CPU.Build.0 = Debug|Any CPU
		{BCC37DF6-D8F2-4A65-8C74-890D77BE6341}.Debug|x64.ActiveCfg = Debug|x64
		{BCC37DF6-D8F2-4A65-8C74-890D77BE6341}.Debug|x64.Build.0 = Debug|x64
		{BCC37DF6-D8F2-4A65-8C74-890D77BE6341}.Debug|x86.ActiveCfg = Debug|x86
		{BCC37DF6-D8F2-4A65-8C74-890D77BE6341}.Debug|x86.Build.0 = Debug|x86
		{BCC37DF6-D8F2-4A65-8C74-890D77BE6341}.Release|Any CPU.ActiveCfg = Release|Any CPU
		{BCC37DF6-D8F2-4A65-8C74-890D77BE6341}.Release|Any CPU.Build.0 = Release|Any CPU
		{BCC37DF6-D8F2-4A65-8C74-890D77BE6341}.Release|x64.ActiveCfg = Release|x64
		{BCC37DF6-D8F2-4A65-8C74-890D77BE6341}.Release|x64.Build.0 = Release|x64
		{BCC37DF6-D8F2-4A65-8C74-890D77BE6341}.Release|x86.ActiveCfg = Release|x86
		{BCC37DF6-D8F2-4A65-8C74-890D77BE6341}.Release|x86.Build.0 = Release|x86
		{9282A186-FECA-1BAD-F74D-08556236AF2C}.Debug|Any CPU.ActiveCfg = Debug|Win32
		{9282A186-FECA-1BAD-F74D-08556236AF2C}.Debug|x64.ActiveCfg = Debug|x64
		{9282A186-FECA-1BAD-F74D-08556236AF2C}.Debug|x64.Build.0 = Debug|x64
		{9282A186-FECA-1BAD-F74D-08556236AF2C}.Debug|x86.ActiveCfg = Debug|Win32
		{9282A186-FECA-1BAD-F74D-08556236AF2C}.Debug|x86.Build.0 = Debug|Win32
		{9282A186-FECA-1BAD-F74D-08556236AF2C}.Release|Any CPU.ActiveCfg = Release|Win32
		{9282A186-FECA-1BAD-F74D-08556236AF2C}.Release|x64.ActiveCfg = Release|x64
		{9282A186-FECA-1BAD-F74D-08556236AF2C}.Release|x64.Build.0 = Release|x64
		{9282A186-FECA-1BAD-F74D-08556236AF2C}.Release|x86.ActiveCfg = Release|Win32
		{9282A186-FECA-1BAD-F74D-08556236AF2C}.Release|x86.Build.0 = Release|Win32
		{A2B3A918-E652-41B0-AC1B-121E51360497}.Debug|Any CPU.ActiveCfg = Debug|Win32
		{A2B3A918-E652-41B0-AC1B-121E51360497}.Debug|x64.ActiveCfg = Debug|x64
		{A2B3A918-E652-41B0-AC1B-121E51360497}.Debug|x64.Build.0 = Debug|x64
		{A2B3A918-E652-41B0-AC1B-121E51360497}.Debug|x86.ActiveCfg = Debug|Win32
		{A2B3A918-E652-41B0-AC1B-121E51360497}.Debug|x86.Build.0 = Debug|Win32
		{A2B3A918-E652-41B0-AC1B-121E51360497}.Release|Any CPU.ActiveCfg = Release|Win32
		{A2B3A918-E652-41B0-AC1B-121E51360497}.Release|x64.ActiveCfg = Release|x64
		{A2B3A918-E652-41B0-AC1B-121E51360497}.Release|x64.Build.0 = Release|x64
		{A2B3A918-E652-41B0-AC1B-121E51360497}.Release|x86.ActiveCfg = Release|Win32
		{A2B3A918-E652-41B0-AC1B-121E51360497}.Release|x86.Build.0 = Release|Win32
		{97F88957-84D4-48DA-A8AF-56CF035DD5DA}.Debug|Any CPU.ActiveCfg = Debug|Any CPU
		{97F88957-84D4-48DA-A8AF-56CF035DD5DA}.Debug|Any CPU.Build.0 = Debug|Any CPU
		{97F88957-84D4-48DA-A8AF-56CF035DD5DA}.Debug|x64.ActiveCfg = Debug|Any CPU
		{97F88957-84D4-48DA-A8AF-56CF035DD5DA}.Debug|x64.Build.0 = Debug|Any CPU
		{97F88957-84D4-48DA-A8AF-56CF035DD5DA}.Debug|x86.ActiveCfg = Debug|Any CPU
		{97F88957-84D4-48DA-A8AF-56CF035DD5DA}.Debug|x86.Build.0 = Debug|Any CPU
		{97F88957-84D4-48DA-A8AF-56CF035DD5DA}.Release|Any CPU.ActiveCfg = Release|Any CPU
		{97F88957-84D4-48DA-A8AF-56CF035DD5DA}.Release|Any CPU.Build.0 = Release|Any CPU
		{97F88957-84D4-48DA-A8AF-56CF035DD5DA}.Release|x64.ActiveCfg = Release|Any CPU
		{97F88957-84D4-48DA-A8AF-56CF035DD5DA}.Release|x64.Build.0 = Release|Any CPU
		{97F88957-84D4-48DA-A8AF-56CF035DD5DA}.Release|x86.ActiveCfg = Release|Any CPU
		{97F88957-84D4-48DA-A8AF-56CF035DD5DA}.Release|x86.Build.0 = Release|Any CPU
		{1FCF3A28-1867-4F60-8EC1-EAB13B18F4F5}.Debug|Any CPU.ActiveCfg = Debug|Any CPU
		{1FCF3A28-1867-4F60-8EC1-EAB13B18F4F5}.Debug|Any CPU.Build.0 = Debug|Any CPU
		{1FCF3A28-1867-4F60-8EC1-EAB13B18F4F5}.Debug|x64.ActiveCfg = Debug|Any CPU
		{1FCF3A28-1867-4F60-8EC1-EAB13B18F4F5}.Debug|x64.Build.0 = Debug|Any CPU
		{1FCF3A28-1867-4F60-8EC1-EAB13B18F4F5}.Debug|x86.ActiveCfg = Debug|Any CPU
		{1FCF3A28-1867-4F60-8EC1-EAB13B18F4F5}.Debug|x86.Build.0 = Debug|Any CPU
		{1FCF3A28-1867-4F60-8EC1-EAB13B18F4F5}.Release|Any CPU.ActiveCfg = Release|Any CPU
		{1FCF3A28-1867-4F60-8EC1-EAB13B18F4F5}.Release|Any CPU.Build.0 = Release|Any CPU
		{1FCF3A28-1867-4F60-8EC1-EAB13B18F4F5}.Release|x64.ActiveCfg = Release|Any CPU
		{1FCF3A28-1867-4F60-8EC1-EAB13B18F4F5}.Release|x64.Build.0 = Release|Any CPU
		{1FCF3A28-1867-4F60-8EC1-EAB13B18F4F5}.Release|x86.ActiveCfg = Release|Any CPU
		{1FCF3A28-1867-4F60-8EC1-EAB13B18F4F5}.Release|x86.Build.0 = Release|Any CPU
		{31E6D26F-AA5F-4763-8633-5B3FD2F4CA08}.Debug|Any CPU.ActiveCfg = Debug|Any CPU
		{31E6D26F-AA5F-4763-8633-5B3FD2F4CA08}.Debug|Any CPU.Build.0 = Debug|Any CPU
		{31E6D26F-AA5F-4763-8633-5B3FD2F4CA08}.Debug|x64.ActiveCfg = Debug|Any CPU
		{31E6D26F-AA5F-4763-8633-5B3FD2F4CA08}.Debug|x64.Build.0 = Debug|Any CPU
		{31E6D26F-AA5F-4763-8633-5B3FD2F4CA08}.Debug|x86.ActiveCfg = Debug|Any CPU
		{31E6D26F-AA5F-4763-8633-5B3FD2F4CA08}.Debug|x86.Build.0 = Debug|Any CPU
		{31E6D26F-AA5F-4763-8633-5B3FD2F4CA08}.Release|Any CPU.ActiveCfg = Release|Any CPU
		{31E6D26F-AA5F-4763-8633-5B3FD2F4CA08}.Release|Any CPU.Build.0 = Release|Any CPU
		{31E6D26F-AA5F-4763-8633-5B3FD2F4CA08}.Release|x64.ActiveCfg = Release|Any CPU
		{31E6D26F-AA5F-4763-8633-5B3FD2F4CA08}.Release|x64.Build.0 = Release|Any CPU
		{31E6D26F-AA5F-4763-8633-5B3FD2F4CA08}.Release|x86.ActiveCfg = Release|Any CPU
		{31E6D26F-AA5F-4763-8633-5B3FD2F4CA08}.Release|x86.Build.0 = Release|Any CPU
		{BB943DB6-916A-4C14-A4EF-679537C45E1D}.Debug|Any CPU.ActiveCfg = Debug|Any CPU
		{BB943DB6-916A-4C14-A4EF-679537C45E1D}.Debug|Any CPU.Build.0 = Debug|Any CPU
		{BB943DB6-916A-4C14-A4EF-679537C45E1D}.Debug|x64.ActiveCfg = Debug|Any CPU
		{BB943DB6-916A-4C14-A4EF-679537C45E1D}.Debug|x64.Build.0 = Debug|Any CPU
		{BB943DB6-916A-4C14-A4EF-679537C45E1D}.Debug|x86.ActiveCfg = Debug|Any CPU
		{BB943DB6-916A-4C14-A4EF-679537C45E1D}.Debug|x86.Build.0 = Debug|Any CPU
		{BB943DB6-916A-4C14-A4EF-679537C45E1D}.Release|Any CPU.ActiveCfg = Release|Any CPU
		{BB943DB6-916A-4C14-A4EF-679537C45E1D}.Release|Any CPU.Build.0 = Release|Any CPU
		{BB943DB6-916A-4C14-A4EF-679537C45E1D}.Release|x64.ActiveCfg = Release|Any CPU
		{BB943DB6-916A-4C14-A4EF-679537C45E1D}.Release|x64.Build.0 = Release|Any CPU
		{BB943DB6-916A-4C14-A4EF-679537C45E1D}.Release|x86.ActiveCfg = Release|Any CPU
		{BB943DB6-916A-4C14-A4EF-679537C45E1D}.Release|x86.Build.0 = Release|Any CPU
		{D7542094-F2B7-47F7-9A31-3CAAD97040EB}.Debug|Any CPU.ActiveCfg = Debug|Any CPU
		{D7542094-F2B7-47F7-9A31-3CAAD97040EB}.Debug|Any CPU.Build.0 = Debug|Any CPU
		{D7542094-F2B7-47F7-9A31-3CAAD97040EB}.Debug|x64.ActiveCfg = Debug|Any CPU
		{D7542094-F2B7-47F7-9A31-3CAAD97040EB}.Debug|x64.Build.0 = Debug|Any CPU
		{D7542094-F2B7-47F7-9A31-3CAAD97040EB}.Debug|x86.ActiveCfg = Debug|Any CPU
		{D7542094-F2B7-47F7-9A31-3CAAD97040EB}.Debug|x86.Build.0 = Debug|Any CPU
		{D7542094-F2B7-47F7-9A31-3CAAD97040EB}.Release|Any CPU.ActiveCfg = Release|Any CPU
		{D7542094-F2B7-47F7-9A31-3CAAD97040EB}.Release|Any CPU.Build.0 = Release|Any CPU
		{D7542094-F2B7-47F7-9A31-3CAAD97040EB}.Release|x64.ActiveCfg = Release|Any CPU
		{D7542094-F2B7-47F7-9A31-3CAAD97040EB}.Release|x64.Build.0 = Release|Any CPU
		{D7542094-F2B7-47F7-9A31-3CAAD97040EB}.Release|x86.ActiveCfg = Release|Any CPU
		{D7542094-F2B7-47F7-9A31-3CAAD97040EB}.Release|x86.Build.0 = Release|Any CPU
		{111A3811-D148-494C-9BFF-509E0B85144C}.Debug|Any CPU.ActiveCfg = Debug|x86
		{111A3811-D148-494C-9BFF-509E0B85144C}.Debug|x64.ActiveCfg = Debug|x64
		{111A3811-D148-494C-9BFF-509E0B85144C}.Debug|x64.Build.0 = Debug|x64
		{111A3811-D148-494C-9BFF-509E0B85144C}.Debug|x86.ActiveCfg = Debug|x86
		{111A3811-D148-494C-9BFF-509E0B85144C}.Debug|x86.Build.0 = Debug|x86
		{111A3811-D148-494C-9BFF-509E0B85144C}.Release|Any CPU.ActiveCfg = Release|x86
		{111A3811-D148-494C-9BFF-509E0B85144C}.Release|x64.ActiveCfg = Release|x64
		{111A3811-D148-494C-9BFF-509E0B85144C}.Release|x64.Build.0 = Release|x64
		{111A3811-D148-494C-9BFF-509E0B85144C}.Release|x86.ActiveCfg = Release|x86
		{111A3811-D148-494C-9BFF-509E0B85144C}.Release|x86.Build.0 = Release|x86
		{67CCAF94-1A58-402A-AC85-A8EEC6ED6A57}.Debug|Any CPU.ActiveCfg = Debug|Any CPU
		{67CCAF94-1A58-402A-AC85-A8EEC6ED6A57}.Debug|Any CPU.Build.0 = Debug|Any CPU
		{67CCAF94-1A58-402A-AC85-A8EEC6ED6A57}.Debug|x64.ActiveCfg = Debug|Any CPU
		{67CCAF94-1A58-402A-AC85-A8EEC6ED6A57}.Debug|x86.ActiveCfg = Debug|Any CPU
		{67CCAF94-1A58-402A-AC85-A8EEC6ED6A57}.Release|Any CPU.ActiveCfg = Release|Any CPU
		{67CCAF94-1A58-402A-AC85-A8EEC6ED6A57}.Release|Any CPU.Build.0 = Release|Any CPU
		{67CCAF94-1A58-402A-AC85-A8EEC6ED6A57}.Release|x64.ActiveCfg = Release|Any CPU
		{67CCAF94-1A58-402A-AC85-A8EEC6ED6A57}.Release|x86.ActiveCfg = Release|Any CPU
		{FAD8CDC7-2E8A-4708-B8AE-9C1E1C3D15F0}.Debug|Any CPU.ActiveCfg = Debug|x86
		{FAD8CDC7-2E8A-4708-B8AE-9C1E1C3D15F0}.Debug|x64.ActiveCfg = Debug|x64
		{FAD8CDC7-2E8A-4708-B8AE-9C1E1C3D15F0}.Debug|x64.Build.0 = Debug|x64
		{FAD8CDC7-2E8A-4708-B8AE-9C1E1C3D15F0}.Debug|x86.ActiveCfg = Debug|x86
		{FAD8CDC7-2E8A-4708-B8AE-9C1E1C3D15F0}.Debug|x86.Build.0 = Debug|x86
		{FAD8CDC7-2E8A-4708-B8AE-9C1E1C3D15F0}.Release|Any CPU.ActiveCfg = Release|x86
		{FAD8CDC7-2E8A-4708-B8AE-9C1E1C3D15F0}.Release|x64.ActiveCfg = Release|x64
		{FAD8CDC7-2E8A-4708-B8AE-9C1E1C3D15F0}.Release|x64.Build.0 = Release|x64
		{FAD8CDC7-2E8A-4708-B8AE-9C1E1C3D15F0}.Release|x86.ActiveCfg = Release|x86
		{FAD8CDC7-2E8A-4708-B8AE-9C1E1C3D15F0}.Release|x86.Build.0 = Release|x86
		{4D76F728-5BEC-41B1-BC54-A6D35AB267E5}.Debug|Any CPU.ActiveCfg = Debug|Win32
		{4D76F728-5BEC-41B1-BC54-A6D35AB267E5}.Debug|x64.ActiveCfg = Debug|x64
		{4D76F728-5BEC-41B1-BC54-A6D35AB267E5}.Debug|x64.Build.0 = Debug|x64
		{4D76F728-5BEC-41B1-BC54-A6D35AB267E5}.Debug|x86.ActiveCfg = Debug|Win32
		{4D76F728-5BEC-41B1-BC54-A6D35AB267E5}.Debug|x86.Build.0 = Debug|Win32
		{4D76F728-5BEC-41B1-BC54-A6D35AB267E5}.Release|Any CPU.ActiveCfg = Release|Win32
		{4D76F728-5BEC-41B1-BC54-A6D35AB267E5}.Release|x64.ActiveCfg = Release|x64
		{4D76F728-5BEC-41B1-BC54-A6D35AB267E5}.Release|x64.Build.0 = Release|x64
		{4D76F728-5BEC-41B1-BC54-A6D35AB267E5}.Release|x86.ActiveCfg = Release|Win32
		{4D76F728-5BEC-41B1-BC54-A6D35AB267E5}.Release|x86.Build.0 = Release|Win32
		{E9C9793D-5761-4222-850D-DF8B42C2A920}.Debug|Any CPU.ActiveCfg = Debug|Any CPU
		{E9C9793D-5761-4222-850D-DF8B42C2A920}.Debug|Any CPU.Build.0 = Debug|Any CPU
		{E9C9793D-5761-4222-850D-DF8B42C2A920}.Debug|x64.ActiveCfg = Debug|Any CPU
		{E9C9793D-5761-4222-850D-DF8B42C2A920}.Debug|x64.Build.0 = Debug|Any CPU
		{E9C9793D-5761-4222-850D-DF8B42C2A920}.Debug|x86.ActiveCfg = Debug|Any CPU
		{E9C9793D-5761-4222-850D-DF8B42C2A920}.Debug|x86.Build.0 = Debug|Any CPU
		{E9C9793D-5761-4222-850D-DF8B42C2A920}.Release|Any CPU.ActiveCfg = Release|Any CPU
		{E9C9793D-5761-4222-850D-DF8B42C2A920}.Release|Any CPU.Build.0 = Release|Any CPU
		{E9C9793D-5761-4222-850D-DF8B42C2A920}.Release|x64.ActiveCfg = Release|Any CPU
		{E9C9793D-5761-4222-850D-DF8B42C2A920}.Release|x64.Build.0 = Release|Any CPU
		{E9C9793D-5761-4222-850D-DF8B42C2A920}.Release|x86.ActiveCfg = Release|Any CPU
		{E9C9793D-5761-4222-850D-DF8B42C2A920}.Release|x86.Build.0 = Release|Any CPU
		{12F78B1F-EBE5-4A82-A98F-62AE1B21D57A}.Debug|Any CPU.ActiveCfg = Debug|Any CPU
		{12F78B1F-EBE5-4A82-A98F-62AE1B21D57A}.Debug|Any CPU.Build.0 = Debug|Any CPU
		{12F78B1F-EBE5-4A82-A98F-62AE1B21D57A}.Debug|x64.ActiveCfg = Debug|Any CPU
		{12F78B1F-EBE5-4A82-A98F-62AE1B21D57A}.Debug|x64.Build.0 = Debug|Any CPU
		{12F78B1F-EBE5-4A82-A98F-62AE1B21D57A}.Debug|x86.ActiveCfg = Debug|Any CPU
		{12F78B1F-EBE5-4A82-A98F-62AE1B21D57A}.Debug|x86.Build.0 = Debug|Any CPU
		{12F78B1F-EBE5-4A82-A98F-62AE1B21D57A}.Release|Any CPU.ActiveCfg = Release|Any CPU
		{12F78B1F-EBE5-4A82-A98F-62AE1B21D57A}.Release|Any CPU.Build.0 = Release|Any CPU
		{12F78B1F-EBE5-4A82-A98F-62AE1B21D57A}.Release|x64.ActiveCfg = Release|Any CPU
		{12F78B1F-EBE5-4A82-A98F-62AE1B21D57A}.Release|x64.Build.0 = Release|Any CPU
		{12F78B1F-EBE5-4A82-A98F-62AE1B21D57A}.Release|x86.ActiveCfg = Release|Any CPU
		{12F78B1F-EBE5-4A82-A98F-62AE1B21D57A}.Release|x86.Build.0 = Release|Any CPU
		{C8E20403-7589-4002-9721-E42D025FB344}.Debug|Any CPU.ActiveCfg = Debug|Any CPU
		{C8E20403-7589-4002-9721-E42D025FB344}.Debug|Any CPU.Build.0 = Debug|Any CPU
		{C8E20403-7589-4002-9721-E42D025FB344}.Debug|x64.ActiveCfg = Debug|Any CPU
		{C8E20403-7589-4002-9721-E42D025FB344}.Debug|x64.Build.0 = Debug|Any CPU
		{C8E20403-7589-4002-9721-E42D025FB344}.Debug|x86.ActiveCfg = Debug|Any CPU
		{C8E20403-7589-4002-9721-E42D025FB344}.Debug|x86.Build.0 = Debug|Any CPU
		{C8E20403-7589-4002-9721-E42D025FB344}.Release|Any CPU.ActiveCfg = Release|Any CPU
		{C8E20403-7589-4002-9721-E42D025FB344}.Release|Any CPU.Build.0 = Release|Any CPU
		{C8E20403-7589-4002-9721-E42D025FB344}.Release|x64.ActiveCfg = Release|Any CPU
		{C8E20403-7589-4002-9721-E42D025FB344}.Release|x64.Build.0 = Release|Any CPU
		{C8E20403-7589-4002-9721-E42D025FB344}.Release|x86.ActiveCfg = Release|Any CPU
		{C8E20403-7589-4002-9721-E42D025FB344}.Release|x86.Build.0 = Release|Any CPU
		{DA9645FE-381E-495E-9652-3DF086570B71}.Debug|Any CPU.ActiveCfg = Debug|Any CPU
		{DA9645FE-381E-495E-9652-3DF086570B71}.Debug|Any CPU.Build.0 = Debug|Any CPU
		{DA9645FE-381E-495E-9652-3DF086570B71}.Debug|x64.ActiveCfg = Debug|Any CPU
		{DA9645FE-381E-495E-9652-3DF086570B71}.Debug|x64.Build.0 = Debug|Any CPU
		{DA9645FE-381E-495E-9652-3DF086570B71}.Debug|x86.ActiveCfg = Debug|Any CPU
		{DA9645FE-381E-495E-9652-3DF086570B71}.Debug|x86.Build.0 = Debug|Any CPU
		{DA9645FE-381E-495E-9652-3DF086570B71}.Release|Any CPU.ActiveCfg = Release|Any CPU
		{DA9645FE-381E-495E-9652-3DF086570B71}.Release|Any CPU.Build.0 = Release|Any CPU
		{DA9645FE-381E-495E-9652-3DF086570B71}.Release|x64.ActiveCfg = Release|Any CPU
		{DA9645FE-381E-495E-9652-3DF086570B71}.Release|x64.Build.0 = Release|Any CPU
		{DA9645FE-381E-495E-9652-3DF086570B71}.Release|x86.ActiveCfg = Release|Any CPU
		{DA9645FE-381E-495E-9652-3DF086570B71}.Release|x86.Build.0 = Release|Any CPU
	EndGlobalSection
	GlobalSection(SolutionProperties) = preSolution
		HideSolutionNode = FALSE
	EndGlobalSection
	GlobalSection(NestedProjects) = preSolution
		{BCC37DF6-D8F2-4A65-8C74-890D77BE6341} = {892C06BC-E34F-46C8-AB2A-738A288D8D9F}
		{A2B3A918-E652-41B0-AC1B-121E51360497} = {892C06BC-E34F-46C8-AB2A-738A288D8D9F}
		{1FCF3A28-1867-4F60-8EC1-EAB13B18F4F5} = {FC22C429-D8DB-453C-BFCB-C739F084B1A0}
		{BB943DB6-916A-4C14-A4EF-679537C45E1D} = {FC22C429-D8DB-453C-BFCB-C739F084B1A0}
		{D7542094-F2B7-47F7-9A31-3CAAD97040EB} = {FC22C429-D8DB-453C-BFCB-C739F084B1A0}
		{111A3811-D148-494C-9BFF-509E0B85144C} = {892C06BC-E34F-46C8-AB2A-738A288D8D9F}
		{67CCAF94-1A58-402A-AC85-A8EEC6ED6A57} = {DD4809A9-6F47-4686-8433-D8A10F3EB9E8}
		{FAD8CDC7-2E8A-4708-B8AE-9C1E1C3D15F0} = {892C06BC-E34F-46C8-AB2A-738A288D8D9F}
		{12F78B1F-EBE5-4A82-A98F-62AE1B21D57A} = {892C06BC-E34F-46C8-AB2A-738A288D8D9F}
		{C8E20403-7589-4002-9721-E42D025FB344} = {892C06BC-E34F-46C8-AB2A-738A288D8D9F}
		{DA9645FE-381E-495E-9652-3DF086570B71} = {892C06BC-E34F-46C8-AB2A-738A288D8D9F}
	EndGlobalSection
	GlobalSection(ExtensibilityGlobals) = postSolution
		SolutionGuid = {1F982C01-616F-4A76-9E24-30312AAD0A53}
	EndGlobalSection
EndGlobal
