<?xml version="1.0" encoding="utf-8"?>
<Project ToolsVersion="4.0" xmlns="http://schemas.microsoft.com/developer/msbuild/2003">
  <ItemGroup>
    <Filter Include="Source Files">
      <UniqueIdentifier>{4FC737F1-C7A5-4376-A066-2A32D752A2FF}</UniqueIdentifier>
      <Extensions>cpp;c;cc;cxx;def;odl;idl;hpj;bat;asm;asmx</Extensions>
    </Filter>
    <Filter Include="Header Files">
      <UniqueIdentifier>{93995380-89BD-4b04-88EB-625FBE52EBFB}</UniqueIdentifier>
      <Extensions>h;hh;hpp;hxx;hm;inc;xsd</Extensions>
    </Filter>
    <Filter Include="Idl Files">
      <UniqueIdentifier>{b7422365-add2-4792-ae16-80480970e56f}</UniqueIdentifier>
      <Extensions>idl;pidl</Extensions>
    </Filter>
    <Filter Include="Inline Files">
      <UniqueIdentifier>{29a9cfae-0358-4167-8dcc-38447594938a}</UniqueIdentifier>
      <Extensions>inl</Extensions>
    </Filter>
  </ItemGroup>
  <ItemGroup>
    <None Include="TestTypeSupportC.inl">
      <Filter>Inline Files</Filter>
    </None>
    <None Include="TestTypeSupportC.inl">
      <Filter>Inline Files</Filter>
    </None>
    <None Include="TestC.inl">
      <Filter>Inline Files</Filter>
    </None>
    <None Include="Test.idl">
      <Filter>Idl Files</Filter>
    </None>
  </ItemGroup>
  <ItemGroup>
    <ClInclude Include="TestIDL_Export.h">
      <Filter>Header Files</Filter>
    </ClInclude>
    <ClInclude Include="TestS.h">
      <Filter>Header Files</Filter>
    </ClInclude>
    <ClInclude Include="TestTypeSupportC.h">
      <Filter>Header Files</Filter>
    </ClInclude>
    <ClInclude Include="TestTypeSupportImpl.h">
      <Filter>Header Files</Filter>
    </ClInclude>
    <ClInclude Include="TestTypeSupportS.h">
      <Filter>Header Files</Filter>
    </ClInclude>
    <ClInclude Include="TestTypeSupportS.h">
      <Filter>Header Files</Filter>
    </ClInclude>
    <ClInclude Include="TestTypeSupportC.h">
      <Filter>Header Files</Filter>
    </ClInclude>
    <ClInclude Include="TestIDL_Export.h">
      <Filter>Header Files</Filter>
    </ClInclude>
    <ClInclude Include="TestTypeSupportImpl.h">
      <Filter>Header Files</Filter>
    </ClInclude>
    <ClInclude Include="TestS.h">
      <Filter>Header Files</Filter>
    </ClInclude>
    <ClInclude Include="TestC.h">
      <Filter>Header Files</Filter>
    </ClInclude>
  </ItemGroup>
  <ItemGroup>
    <ClCompile Include="TestS.cpp">
      <Filter>Source Files</Filter>
    </ClCompile>
    <ClCompile Include="TestTypeSupportC.cpp">
      <Filter>Source Files</Filter>
    </ClCompile>
    <ClCompile Include="TestTypeSupportImpl.cpp">
      <Filter>Source Files</Filter>
    </ClCompile>
    <ClCompile Include="TestTypeSupportS.cpp">
      <Filter>Source Files</Filter>
    </ClCompile>
    <ClCompile Include="TestTypeSupportS.cpp">
      <Filter>Source Files</Filter>
    </ClCompile>
    <ClCompile Include="TestTypeSupportC.cpp">
      <Filter>Source Files</Filter>
    </ClCompile>
    <ClCompile Include="TestTypeSupportImpl.cpp">
      <Filter>Source Files</Filter>
    </ClCompile>
    <ClCompile Include="TestS.cpp">
      <Filter>Source Files</Filter>
    </ClCompile>
    <ClCompile Include="TestC.cpp">
      <Filter>Source Files</Filter>
    </ClCompile>
  </ItemGroup>
</Project>
