<?xml version="1.0" encoding="utf-8"?>
<Project ToolsVersion="4.0" xmlns="http://schemas.microsoft.com/developer/msbuild/2003">
  <ItemGroup>
    <ClCompile Include="TestC.cpp">
      <Filter>Source Files</Filter>
    </ClCompile>
    <ClCompile Include="TestS.cpp">
      <Filter>Source Files</Filter>
    </ClCompile>
    <ClCompile Include="TestTypeSupportC.cpp">
      <Filter>Source Files</Filter>
    </ClCompile>
    <ClCompile Include="TestTypeSupportImpl.cpp">
      <Filter>Source Files</Filter>
    </ClCompile>
    <ClCompile Include="TestTypeSupportS.cpp">
      <Filter>Source Files</Filter>
    </ClCompile>
  </ItemGroup>
  <ItemGroup>
    <ClInclude Include="TestC.h">
      <Filter>Header Files</Filter>
    </ClInclude>
    <ClInclude Include="TestS.h">
      <Filter>Header Files</Filter>
    </ClInclude>
    <ClInclude Include="TestIDL_Export.h">
      <Filter>Header Files</Filter>
    </ClInclude>
    <ClInclude Include="TestTypeSupportC.h">
      <Filter>Header Files</Filter>
    </ClInclude>
    <ClInclude Include="TestTypeSupportImpl.h">
      <Filter>Header Files</Filter>
    </ClInclude>
    <ClInclude Include="TestTypeSupportS.h">
      <Filter>Header Files</Filter>
    </ClInclude>
  </ItemGroup>
  <ItemGroup>
    <None Include="TestC.inl">
      <Filter>Inline Files</Filter>
    </None>
    <None Include="TestTypeSupportC.inl">
      <Filter>Inline Files</Filter>
    </None>
  </ItemGroup>
  <ItemGroup>
    <Filter Include="Header Files">
      <UniqueIdentifier>{da0a1c39-b40a-43f7-8a70-b9143d7af26e}</UniqueIdentifier>
    </Filter>
    <Filter Include="Source Files">
      <UniqueIdentifier>{1a7a1522-9f54-4614-8b41-7001853e3c3f}</UniqueIdentifier>
    </Filter>
    <Filter Include="Inline Files">
      <UniqueIdentifier>{258d40bd-475e-4587-8270-191abd989f97}</UniqueIdentifier>
    </Filter>
  </ItemGroup>
</Project>