<?xml version="1.0" encoding="utf-8"?>
<Project ToolsVersion="15.0" xmlns="http://schemas.microsoft.com/developer/msbuild/2003">
  <ItemGroup>
    <Filter Include="Source Files">
      <UniqueIdentifier>{B1F27843-FECA-1BAD-F74D-08556236AF2C}</UniqueIdentifier>
      <Extensions>cpp;cxx;cc;c;C</Extensions>
    </Filter>
    <Filter Include="Header Files">
      <UniqueIdentifier>{06319535-FECA-1BAD-F74D-08556236AF2C}</UniqueIdentifier>
      <Extensions>h;hpp;hxx;hh</Extensions>
    </Filter>
    <Filter Include="Template Files">
      <UniqueIdentifier>{aa70dafe-c13d-4e3e-8d78-d6f76beee18a}</UniqueIdentifier>
    </Filter>
    <Filter Include="Project Template">
      <UniqueIdentifier>{83a8651e-d40b-41fa-931e-57f4922e23db}</UniqueIdentifier>
    </Filter>
  </ItemGroup>
  <ItemGroup>
    <ClCompile Include="openddsharp_idl.cpp">
      <Filter>Source Files</Filter>
    </ClCompile>
    <ClCompile Include="be_global.cpp">
      <Filter>Source Files</Filter>
    </ClCompile>
    <ClCompile Include="be_util.cpp">
      <Filter>Source Files</Filter>
    </ClCompile>
    <ClCompile Include="be_init.cpp">
      <Filter>Source Files</Filter>
    </ClCompile>
    <ClCompile Include="be_produce.cpp">
      <Filter>Source Files</Filter>
    </ClCompile>
    <ClCompile Include="dds_visitor.cpp">
      <Filter>Source Files</Filter>
    </ClCompile>
    <ClCompile Include="drv_args.cpp">
      <Filter>Source Files</Filter>
    </ClCompile>
    <ClCompile Include="drv_preproc.cpp">
      <Filter>Source Files</Filter>
    </ClCompile>
    <ClCompile Include="dds_generator.cpp">
      <Filter>Source Files</Filter>
    </ClCompile>
    <ClCompile Include="cli_generator.cpp">
      <Filter>Source Files</Filter>
    </ClCompile>
    <ClCompile Include="annotations.cpp">
      <Filter>Source Files</Filter>
    </ClCompile>
    <ClCompile Include="topic_keys.cpp">
      <Filter>Source Files</Filter>
    </ClCompile>
    <ClCompile Include="csharp_generator.cpp">
      <Filter>Source Files</Filter>
    </ClCompile>
    <ClCompile Include="cwrapper_generator.cpp">
      <Filter>Source Files</Filter>
    </ClCompile>
  </ItemGroup>
  <ItemGroup>
    <ClInclude Include="be_extern.h">
      <Filter>Header Files</Filter>
    </ClInclude>
    <ClInclude Include="be_global.h">
      <Filter>Header Files</Filter>
    </ClInclude>
    <ClInclude Include="be_util.h">
      <Filter>Header Files</Filter>
    </ClInclude>
    <ClInclude Include="dds_visitor.h">
      <Filter>Header Files</Filter>
    </ClInclude>
    <ClInclude Include="dds_generator.h">
      <Filter>Header Files</Filter>
    </ClInclude>
    <ClInclude Include="cli_generator.h">
      <Filter>Header Files</Filter>
    </ClInclude>
    <ClInclude Include="annotations.h">
      <Filter>Header Files</Filter>
    </ClInclude>
    <ClInclude Include="topic_keys.h">
      <Filter>Header Files</Filter>
    </ClInclude>
    <ClInclude Include="csharp_generator.h">
      <Filter>Header Files</Filter>
    </ClInclude>
    <ClInclude Include="cwrapper_generator.h">
      <Filter>Header Files</Filter>
    </ClInclude>
    <ClInclude Include="marshal.h">
      <Filter>Project Template</Filter>
    </ClInclude>
  </ItemGroup>
  <ItemGroup>
    <Text Include="HeaderTemplate.txt">
      <Filter>Template Files</Filter>
    </Text>
    <Text Include="ImplTemplate.txt">
      <Filter>Template Files</Filter>
    </Text>
    <Text Include="CSharpImplTemplate.txt">
      <Filter>Template Files</Filter>
    </Text>
    <Text Include="CWrapperHeaderTemplate.txt">
      <Filter>Template Files</Filter>
    </Text>
    <Text Include="CWrapperImplTemplate.txt">
      <Filter>Template Files</Filter>
    </Text>
  </ItemGroup>
  <ItemGroup>
    <None Include="NativeIdlProject.vcxproj">
      <Filter>Project Template</Filter>
    </None>
    <None Include="NativeIdlProject.vcxproj.filters">
      <Filter>Project Template</Filter>
    </None>
    <None Include="NativeIdlProjectTemplate.vstemplate">
      <Filter>Project Template</Filter>
    </None>
    <None Include="OpenDDSharp.IdlGenerator.nuspec" />
    <None Include="OpenDDSharp.IdlGenerator.targets" />
    <None Include="StandardWrapperIdlProject.vcxproj">
      <Filter>Project Template</Filter>
    </None>
    <None Include="StandardWrapperIdlProject.vcxproj.filters">
      <Filter>Project Template</Filter>
    </None>
    <None Include="StandardWrapperIdlProject.vstemplate">
      <Filter>Project Template</Filter>
    </None>
    <None Include="NativeIdlProject.Linux.vcxproj">
      <Filter>Project Template</Filter>
    </None>
    <None Include="NativeIdlProject.Linux.vcxproj.filters">
      <Filter>Project Template</Filter>
    </None>
    <None Include="NativeIdlProjectTemplate.Linux.vstemplate">
      <Filter>Project Template</Filter>
    </None>
    <None Include="StandardWrapperIdlProject.Linux.vcxproj">
      <Filter>Project Template</Filter>
    </None>
    <None Include="StandardWrapperIdlProject.Linux.vcxproj.filters">
      <Filter>Project Template</Filter>
    </None>
    <None Include="StandardWrapperIdlProject.Linux.vstemplate">
      <Filter>Project Template</Filter>
    </None>
    <None Include="OpenDDSharp.Standard.IdlGenerator.nuspec" />
    <None Include="OpenDDSharp.Standard.IdlGenerator.targets" />
  </ItemGroup>
  <ItemGroup>
    <Image Include="NativeIdlProjectTemplate.ico">
      <Filter>Project Template</Filter>
    </Image>
    <Image Include="StandardWrapperIdlProject.ico">
      <Filter>Project Template</Filter>
    </Image>
    <Image Include="NativeIdlProjectTemplate.Linux.ico">
      <Filter>Project Template</Filter>
    </Image>
    <Image Include="StandardWrapperIdlProject.Linux.ico">
      <Filter>Project Template</Filter>
    </Image>
  </ItemGroup>
</Project>