<?xml version="1.0" encoding="utf-8"?>
<Project ToolsVersion="4.0" xmlns="http://schemas.microsoft.com/developer/msbuild/2003">
  <ItemGroup>
    <Filter Include="Header Files">
      <UniqueIdentifier>{1ae95d01-284f-442d-90d8-d20e36ece848}</UniqueIdentifier>
    </Filter>
    <Filter Include="Source Files">
      <UniqueIdentifier>{c5c29097-5f5a-4555-975c-63bb93654308}</UniqueIdentifier>
    </Filter>
  </ItemGroup>
  <ItemGroup>
    <ClInclude Include="..\OpenDDSWrapper\BuiltinTopicData.h">
      <Filter>Header Files</Filter>
    </ClInclude>
    <ClInclude Include="..\OpenDDSWrapper\Condition.h">
      <Filter>Header Files</Filter>
    </ClInclude>
    <ClInclude Include="..\OpenDDSWrapper\DataReader.h">
      <Filter>Header Files</Filter>
    </ClInclude>
    <ClInclude Include="..\OpenDDSWrapper\DataReaderListener.h">
      <Filter>Header Files</Filter>
    </ClInclude>
    <ClInclude Include="..\OpenDDSWrapper\DataReaderListenerImpl.h">
      <Filter>Header Files</Filter>
    </ClInclude>
    <ClInclude Include="..\OpenDDSWrapper\DataWriter.h">
      <Filter>Header Files</Filter>
    </ClInclude>
    <ClInclude Include="..\OpenDDSWrapper\DataWriterListener.h">
      <Filter>Header Files</Filter>
    </ClInclude>
    <ClInclude Include="..\OpenDDSWrapper\DataWriterListenerImpl.h">
      <Filter>Header Files</Filter>
    </ClInclude>
    <ClInclude Include="..\OpenDDSWrapper\Discovery.h">
      <Filter>Header Files</Filter>
    </ClInclude>
    <ClInclude Include="..\OpenDDSWrapper\DomainParticipant.h">
      <Filter>Header Files</Filter>
    </ClInclude>
    <ClInclude Include="..\OpenDDSWrapper\DomainParticipantFactory.h">
      <Filter>Header Files</Filter>
    </ClInclude>
    <ClInclude Include="..\OpenDDSWrapper\DomainParticipantListener.h">
      <Filter>Header Files</Filter>
    </ClInclude>
    <ClInclude Include="..\OpenDDSWrapper\DomainParticipantListenerImpl.h">
      <Filter>Header Files</Filter>
    </ClInclude>
    <ClInclude Include="..\OpenDDSWrapper\Entity.h">
      <Filter>Header Files</Filter>
    </ClInclude>
    <ClInclude Include="..\OpenDDSWrapper\GuardCondition.h">
      <Filter>Header Files</Filter>
    </ClInclude>
    <ClInclude Include="..\OpenDDSWrapper\InfoRepoDiscovery.h">
      <Filter>Header Files</Filter>
    </ClInclude>
    <ClInclude Include="..\OpenDDSWrapper\ListenerDelegates.h">
      <Filter>Header Files</Filter>
    </ClInclude>
    <ClInclude Include="..\OpenDDSWrapper\marshal.h">
      <Filter>Header Files</Filter>
    </ClInclude>
    <ClInclude Include="..\OpenDDSWrapper\ParticipantService.h">
      <Filter>Header Files</Filter>
    </ClInclude>
    <ClInclude Include="..\OpenDDSWrapper\Publisher.h">
      <Filter>Header Files</Filter>
    </ClInclude>
    <ClInclude Include="..\OpenDDSWrapper\PublisherListener.h">
      <Filter>Header Files</Filter>
    </ClInclude>
    <ClInclude Include="..\OpenDDSWrapper\PublisherListenerImpl.h">
      <Filter>Header Files</Filter>
    </ClInclude>
    <ClInclude Include="..\OpenDDSWrapper\QosPolicies.h">
      <Filter>Header Files</Filter>
    </ClInclude>
    <ClInclude Include="..\OpenDDSWrapper\QueryCondition.h">
      <Filter>Header Files</Filter>
    </ClInclude>
    <ClInclude Include="..\OpenDDSWrapper\ReadCondition.h">
      <Filter>Header Files</Filter>
    </ClInclude>
    <ClInclude Include="..\OpenDDSWrapper\RtpsDiscovery.h">
      <Filter>Header Files</Filter>
    </ClInclude>
    <ClInclude Include="..\OpenDDSWrapper\StatusCondition.h">
      <Filter>Header Files</Filter>
    </ClInclude>
    <ClInclude Include="..\OpenDDSWrapper\Statuses.h">
      <Filter>Header Files</Filter>
    </ClInclude>
    <ClInclude Include="..\OpenDDSWrapper\Subscriber.h">
      <Filter>Header Files</Filter>
    </ClInclude>
    <ClInclude Include="..\OpenDDSWrapper\SubscriberListener.h">
      <Filter>Header Files</Filter>
    </ClInclude>
    <ClInclude Include="..\OpenDDSWrapper\SubscriberListenerImpl.h">
      <Filter>Header Files</Filter>
    </ClInclude>
    <ClInclude Include="..\OpenDDSWrapper\Topic.h">
      <Filter>Header Files</Filter>
    </ClInclude>
    <ClInclude Include="..\OpenDDSWrapper\TopicListener.h">
      <Filter>Header Files</Filter>
    </ClInclude>
    <ClInclude Include="..\OpenDDSWrapper\TopicListenerImpl.h">
      <Filter>Header Files</Filter>
    </ClInclude>
    <ClInclude Include="..\OpenDDSWrapper\TransportConfig.h">
      <Filter>Header Files</Filter>
    </ClInclude>
    <ClInclude Include="..\OpenDDSWrapper\TransportRegistry.h">
      <Filter>Header Files</Filter>
    </ClInclude>
    <ClInclude Include="..\OpenDDSWrapper\Utils.h">
      <Filter>Header Files</Filter>
    </ClInclude>
    <ClInclude Include="..\OpenDDSWrapper\WaitSet.h">
      <Filter>Header Files</Filter>
    </ClInclude>
    <ClInclude Include="..\OpenDDSWrapper\Ace.h">
      <Filter>Header Files</Filter>
    </ClInclude>
    <ClInclude Include="..\OpenDDSWrapper\ContentFilteredTopic.h">
      <Filter>Header Files</Filter>
    </ClInclude>
  </ItemGroup>
  <ItemGroup>
    <ClCompile Include="..\OpenDDSWrapper\Condition.cpp">
      <Filter>Source Files</Filter>
    </ClCompile>
    <ClCompile Include="..\OpenDDSWrapper\DataReader.cpp">
      <Filter>Source Files</Filter>
    </ClCompile>
    <ClCompile Include="..\OpenDDSWrapper\DataReaderListener.cpp">
      <Filter>Source Files</Filter>
    </ClCompile>
    <ClCompile Include="..\OpenDDSWrapper\DataReaderListenerImpl.cpp">
      <Filter>Source Files</Filter>
    </ClCompile>
    <ClCompile Include="..\OpenDDSWrapper\DataWriter.cpp">
      <Filter>Source Files</Filter>
    </ClCompile>
    <ClCompile Include="..\OpenDDSWrapper\DataWriterListener.cpp">
      <Filter>Source Files</Filter>
    </ClCompile>
    <ClCompile Include="..\OpenDDSWrapper\DataWriterListenerImpl.cpp">
      <Filter>Source Files</Filter>
    </ClCompile>
    <ClCompile Include="..\OpenDDSWrapper\Discovery.cpp">
      <Filter>Source Files</Filter>
    </ClCompile>
    <ClCompile Include="..\OpenDDSWrapper\DomainParticipant.cpp">
      <Filter>Source Files</Filter>
    </ClCompile>
    <ClCompile Include="..\OpenDDSWrapper\DomainParticipantFactory.cpp">
      <Filter>Source Files</Filter>
    </ClCompile>
    <ClCompile Include="..\OpenDDSWrapper\DomainParticipantListener.cpp">
      <Filter>Source Files</Filter>
    </ClCompile>
    <ClCompile Include="..\OpenDDSWrapper\DomainParticipantListenerImpl.cpp">
      <Filter>Source Files</Filter>
    </ClCompile>
    <ClCompile Include="..\OpenDDSWrapper\Entity.cpp">
      <Filter>Source Files</Filter>
    </ClCompile>
    <ClCompile Include="..\OpenDDSWrapper\GuardCondition.cpp">
      <Filter>Source Files</Filter>
    </ClCompile>
    <ClCompile Include="..\OpenDDSWrapper\InfoRepoDiscovery.cpp">
      <Filter>Source Files</Filter>
    </ClCompile>
    <ClCompile Include="..\OpenDDSWrapper\ParticipantService.cpp">
      <Filter>Source Files</Filter>
    </ClCompile>
    <ClCompile Include="..\OpenDDSWrapper\Publisher.cpp">
      <Filter>Source Files</Filter>
    </ClCompile>
    <ClCompile Include="..\OpenDDSWrapper\PublisherListener.cpp">
      <Filter>Source Files</Filter>
    </ClCompile>
    <ClCompile Include="..\OpenDDSWrapper\PublisherListenerImpl.cpp">
      <Filter>Source Files</Filter>
    </ClCompile>
    <ClCompile Include="..\OpenDDSWrapper\QueryCondition.cpp">
      <Filter>Source Files</Filter>
    </ClCompile>
    <ClCompile Include="..\OpenDDSWrapper\ReadCondition.cpp">
      <Filter>Source Files</Filter>
    </ClCompile>
    <ClCompile Include="..\OpenDDSWrapper\RtpsDiscovery.cpp">
      <Filter>Source Files</Filter>
    </ClCompile>
    <ClCompile Include="..\OpenDDSWrapper\StatusCondition.cpp">
      <Filter>Source Files</Filter>
    </ClCompile>
    <ClCompile Include="..\OpenDDSWrapper\Subscriber.cpp">
      <Filter>Source Files</Filter>
    </ClCompile>
    <ClCompile Include="..\OpenDDSWrapper\SubscriberListener.cpp">
      <Filter>Source Files</Filter>
    </ClCompile>
    <ClCompile Include="..\OpenDDSWrapper\SubscriberListenerImpl.cpp">
      <Filter>Source Files</Filter>
    </ClCompile>
    <ClCompile Include="..\OpenDDSWrapper\Topic.cpp">
      <Filter>Source Files</Filter>
    </ClCompile>
    <ClCompile Include="..\OpenDDSWrapper\TopicListener.cpp">
      <Filter>Source Files</Filter>
    </ClCompile>
    <ClCompile Include="..\OpenDDSWrapper\TopicListenerImpl.cpp">
      <Filter>Source Files</Filter>
    </ClCompile>
    <ClCompile Include="..\OpenDDSWrapper\TransportConfig.cpp">
      <Filter>Source Files</Filter>
    </ClCompile>
    <ClCompile Include="..\OpenDDSWrapper\TransportRegistry.cpp">
      <Filter>Source Files</Filter>
    </ClCompile>
    <ClCompile Include="..\OpenDDSWrapper\Utils.cpp">
      <Filter>Source Files</Filter>
    </ClCompile>
    <ClCompile Include="..\OpenDDSWrapper\WaitSet.cpp">
      <Filter>Source Files</Filter>
    </ClCompile>
    <ClCompile Include="..\OpenDDSWrapper\Ace.cpp">
      <Filter>Source Files</Filter>
    </ClCompile>
    <ClCompile Include="..\OpenDDSWrapper\marshal.cpp">
      <Filter>Source Files</Filter>
    </ClCompile>
    <ClCompile Include="..\OpenDDSWrapper\ContentFilteredTopic.cpp">
      <Filter>Source Files</Filter>
    </ClCompile>
  </ItemGroup>
</Project>